// !$*UTF8*$!
{
	archiveVersion = 1;
	classes = {
	};
	objectVersion = 77;
	objects = {

/* Begin PBXBuildFile section */
		0318ED28B405C25C7661E064 /* RootView.swift in Sources */ = {isa = PBXBuildFile; fileRef = A1E30FCFD8A9260E48E8617D /* RootView.swift */; };
		04CD563093000516B80C6D62 /* FireflyMesh in Frameworks */ = {isa = PBXBuildFile; productRef = 6D80661B0E11F75CD5DBFD53 /* FireflyMesh */; };
		072A762C4D8AC543D68CC9D3 /* NotificationTapUITests.swift in Sources */ = {isa = PBXBuildFile; fileRef = 4F84F0BF7FA9F0A3B2EAC7B8 /* NotificationTapUITests.swift */; };
		0985E28E3385EBA26AD6DE65 /* ImportPicksSheet.swift in Sources */ = {isa = PBXBuildFile; fileRef = 5E88E40B311FEE9B2F1B4382 /* ImportPicksSheet.swift */; };
		0D10D7712B65AE2955677DBC /* FireflyDebugStartDestinationLaunch.swift in Sources */ = {isa = PBXBuildFile; fileRef = F05346761183CE52D605D57C /* FireflyDebugStartDestinationLaunch.swift */; };
		10DBF8753F52575ADF311027 /* FireflyDebugCrewLaunch.swift in Sources */ = {isa = PBXBuildFile; fileRef = 2A420E1157BEDCF0AC2A6F67 /* FireflyDebugCrewLaunch.swift */; };
		124E5B4431C5B0C9509B4C85 /* FlareTakeoverView.swift in Sources */ = {isa = PBXBuildFile; fileRef = C1B310432CF46CE542A152E9 /* FlareTakeoverView.swift */; };
		12E5A4D101C468750550181B /* CrewWelcomeView.swift in Sources */ = {isa = PBXBuildFile; fileRef = B525655E834D0BF0D6DF19CF /* CrewWelcomeView.swift */; };
		159595A99A88EA86CF1B6140 /* CrewSettingsViewModel.swift in Sources */ = {isa = PBXBuildFile; fileRef = 4E1D66A6EFF83C09A11DB7FB /* CrewSettingsViewModel.swift */; };
		17AE531969F0CDE913B44133 /* LineupPicksView.swift in Sources */ = {isa = PBXBuildFile; fileRef = 3EA34C071EFD0793A619E9A6 /* LineupPicksView.swift */; };
		2AAC6CD53BBE7426EE632301 /* CrewJoinView.swift in Sources */ = {isa = PBXBuildFile; fileRef = FE6F9A5AF9F0435F34FF4D17 /* CrewJoinView.swift */; };
		2B66FEB9552D2A87EE52013C /* QRScannerCameraConfig.swift in Sources */ = {isa = PBXBuildFile; fileRef = F78EC23800DF35BDE1C1D0E9 /* QRScannerCameraConfig.swift */; };
		2B7DD47DF785EE9231009BF6 /* FireflyDebugCrewLaunch.swift in Sources */ = {isa = PBXBuildFile; fileRef = 2A420E1157BEDCF0AC2A6F67 /* FireflyDebugCrewLaunch.swift */; };
		2C9CFE0AAFFCAA222D6479AB /* CrewController.swift in Sources */ = {isa = PBXBuildFile; fileRef = B18716DFC4744DFB2C85DB03 /* CrewController.swift */; };
		2CA9CE64FE1C36426E116583 /* CrewOnboardingContainer.swift in Sources */ = {isa = PBXBuildFile; fileRef = FF2B70A0AD5BD84CDC921F8A /* CrewOnboardingContainer.swift */; };
		2EA722625D8D01FD5039B152 /* MoreScreenNavigation.swift in Sources */ = {isa = PBXBuildFile; fileRef = E455F1EFCD0EFD761A051AEF /* MoreScreenNavigation.swift */; };
		2EDFEA952BC97A0A68C06034 /* MapTabView.swift in Sources */ = {isa = PBXBuildFile; fileRef = 0F97FA0CFDE77FDFFA48612D /* MapTabView.swift */; };
		33E79CCF47D6BFCC5B23DF6B /* NotificationTapRouter.swift in Sources */ = {isa = PBXBuildFile; fileRef = FE6C12AD5DA49E6EDD60B3B7 /* NotificationTapRouter.swift */; };
		34354F6FF40B5D886262C2BE /* CrewDiagnosticsViewModel.swift in Sources */ = {isa = PBXBuildFile; fileRef = 079915169BD92106A7B73B11 /* CrewDiagnosticsViewModel.swift */; };
		3553A3E7B45ACDD72CDBE8CA /* QRScannerCameraConfig.swift in Sources */ = {isa = PBXBuildFile; fileRef = F78EC23800DF35BDE1C1D0E9 /* QRScannerCameraConfig.swift */; };
		3B10C3E4C23834FFBD6C3234 /* CrewDiagnosticsViewModel.swift in Sources */ = {isa = PBXBuildFile; fileRef = 079915169BD92106A7B73B11 /* CrewDiagnosticsViewModel.swift */; };
		3B69F83116726CF8C396257C /* FireflyModel in Frameworks */ = {isa = PBXBuildFile; productRef = 9011CC84111BB0A130A3D3C7 /* FireflyModel */; };
		3B7D019D97400C01DD83D3A7 /* RootDeepLinkWiringGuardTests.swift in Sources */ = {isa = PBXBuildFile; fileRef = C24EB0A20BBB1556FFD71B1E /* RootDeepLinkWiringGuardTests.swift */; };
		3BFCFBA3D9771C3925E1CFBD /* ChannelApplySummaryTests.swift in Sources */ = {isa = PBXBuildFile; fileRef = E1D11A9DB791BDA805737DD3 /* ChannelApplySummaryTests.swift */; };
		452890E34DD01B6CD4D436CA /* ThreadView.swift in Sources */ = {isa = PBXBuildFile; fileRef = B41C74CB306C16EC81337A30 /* ThreadView.swift */; };
		46FE428291B9F94B7C67C772 /* FireflyDebugCrewStateLaunchTests.swift in Sources */ = {isa = PBXBuildFile; fileRef = A81E08C762B950EC0029609A /* FireflyDebugCrewStateLaunchTests.swift */; };
		47077D76E90C99126BF1B270 /* CrewDiagnosticsViewModelTests.swift in Sources */ = {isa = PBXBuildFile; fileRef = EBF9A931D87D4C1461A7EDF0 /* CrewDiagnosticsViewModelTests.swift */; };
		47E0809C008E900451404953 /* ConnectScreen.swift in Sources */ = {isa = PBXBuildFile; fileRef = 336860AA8C792AB876CF7EB1 /* ConnectScreen.swift */; };
		482BD0C9F8FF753CB4DB07EC /* RegionGateView.swift in Sources */ = {isa = PBXBuildFile; fileRef = 1E79B37B293149ED97C8817C /* RegionGateView.swift */; };
		4A95C306309C736044861466 /* RootLaunchPlan.swift in Sources */ = {isa = PBXBuildFile; fileRef = F924983B16F5985E124BBBC2 /* RootLaunchPlan.swift */; };
		4B7B50054CF8A862FC6DCC21 /* CrewCopy.swift in Sources */ = {isa = PBXBuildFile; fileRef = F7CF15579506E65D391E2A50 /* CrewCopy.swift */; };
		4CD9FFF6222D2B97DC1B8223 /* SettingsFestivalPickerWiringTests.swift in Sources */ = {isa = PBXBuildFile; fileRef = 7CA0680B16ABBA1A558B1690 /* SettingsFestivalPickerWiringTests.swift */; };
		4D205FDE4C92CBA13EF9A921 /* FindLifecycleTests.swift in Sources */ = {isa = PBXBuildFile; fileRef = E6E87E756375F327962BDB91 /* FindLifecycleTests.swift */; };
		5118E1D58EDAC35BA512AC27 /* CrewControllerTests.swift in Sources */ = {isa = PBXBuildFile; fileRef = D6E0B231DEE30CCC9A730B76 /* CrewControllerTests.swift */; };
		5291B0D94E1C2D672D5C56D4 /* CrewHeardListViewModelTests.swift in Sources */ = {isa = PBXBuildFile; fileRef = D23E949F68CC599D6A320111 /* CrewHeardListViewModelTests.swift */; };
		53439BFC6EF57D36751870D4 /* CrewConnectPuckView.swift in Sources */ = {isa = PBXBuildFile; fileRef = A26D8DE88A6210595D4E680A /* CrewConnectPuckView.swift */; };
		59A003F0821E61E9DE8E99F5 /* SettingsViewModel.swift in Sources */ = {isa = PBXBuildFile; fileRef = 762DC72795E0A06B3D6FDE88 /* SettingsViewModel.swift */; };
		5B1FDA589EBD527CF8A4440F /* NotificationTapRouterTests.swift in Sources */ = {isa = PBXBuildFile; fileRef = 02E84854CAB87134C455E8F2 /* NotificationTapRouterTests.swift */; };
		5E3096E36BD8443760018393 /* FireflyDebugCrewStateLaunch.swift in Sources */ = {isa = PBXBuildFile; fileRef = 03F95848DB762360605A3176 /* FireflyDebugCrewStateLaunch.swift */; };
		6174B5CF13B05DAAAB1058D0 /* FieldMapView.swift in Sources */ = {isa = PBXBuildFile; fileRef = F1F42EB3578D2B85C360FF91 /* FieldMapView.swift */; };
		622B099B334CB9A36B8D20E7 /* RootLaunchPlanTests.swift in Sources */ = {isa = PBXBuildFile; fileRef = CE75CBD37ACA507F0446DCF3 /* RootLaunchPlanTests.swift */; };
		6307FAECAA2C09995B4D63DE /* MapBackgroundLifecycleGuardTests.swift in Sources */ = {isa = PBXBuildFile; fileRef = 5FB3DC0128FD7652E2645386 /* MapBackgroundLifecycleGuardTests.swift */; };
		63F4CB9CD8015973BF2A6A87 /* NearbyNodesViewModel.swift in Sources */ = {isa = PBXBuildFile; fileRef = 2301DF37B6AD522F861CEA82 /* NearbyNodesViewModel.swift */; };
		6640FC7A5590E35700C97181 /* DiagnosticsViewModel.swift in Sources */ = {isa = PBXBuildFile; fileRef = CFD70AB72F73DA6AB941F6B5 /* DiagnosticsViewModel.swift */; };
		66EDC012C80D95AA2646A1B1 /* MoreScreenNavigation.swift in Sources */ = {isa = PBXBuildFile; fileRef = E455F1EFCD0EFD761A051AEF /* MoreScreenNavigation.swift */; };
		6823EB4293F87FDF9992197B /* FireflyDebugNotifyLaunch.swift in Sources */ = {isa = PBXBuildFile; fileRef = 285775E4DDD7BDBD602191A8 /* FireflyDebugNotifyLaunch.swift */; };
		6A9AD720CC190DB306F0F9DA /* BLEReconnectHardwareTests.swift in Sources */ = {isa = PBXBuildFile; fileRef = 05F189342B5B984F2BBDAB8A /* BLEReconnectHardwareTests.swift */; };
		6B26D15F635ACAA379CAF871 /* CrewController.swift in Sources */ = {isa = PBXBuildFile; fileRef = B18716DFC4744DFB2C85DB03 /* CrewController.swift */; };
		6EED1D607A836BC23FCF5D43 /* SettingsScreen.swift in Sources */ = {isa = PBXBuildFile; fileRef = 45BBB6E81333013CC2CE55F2 /* SettingsScreen.swift */; };
		6F2F8649A33993ED7DAC45A5 /* QRScannerCameraConfigTests.swift in Sources */ = {isa = PBXBuildFile; fileRef = 507EB6008D08A46C00004B77 /* QRScannerCameraConfigTests.swift */; };
		6F6C3DEEBFEC351E8F1EA93B /* CrewSettingsViewModel.swift in Sources */ = {isa = PBXBuildFile; fileRef = 4E1D66A6EFF83C09A11DB7FB /* CrewSettingsViewModel.swift */; };
		71D8EF04CB8A979CD7738201 /* FireflyModel in Frameworks */ = {isa = PBXBuildFile; productRef = 4982066A256926406E7325EB /* FireflyModel */; };
		736AA63B4C8C5FAD424729FA /* PeripheralDiscovery.swift in Sources */ = {isa = PBXBuildFile; fileRef = 899B46141ED5400385D53007 /* PeripheralDiscovery.swift */; };
		76BA2F3212D5F595105F68D0 /* Theme+SwiftUI.swift in Sources */ = {isa = PBXBuildFile; fileRef = 543E6DDB6F011E69EFC86F32 /* Theme+SwiftUI.swift */; };
		79D200DF169D9565E09C7EF4 /* RadarRingView.swift in Sources */ = {isa = PBXBuildFile; fileRef = 154087BCAC0E87D7868BF253 /* RadarRingView.swift */; };
		7BA796CE1A065E6D5A96DCDB /* MeshtasticProto in Frameworks */ = {isa = PBXBuildFile; productRef = 6C4B001C31CDD7B9E82BE94A /* MeshtasticProto */; };
		7D848900827679BC7A2E22C0 /* FireflyUITests.swift in Sources */ = {isa = PBXBuildFile; fileRef = 500341CFF93F2572F5EABA8C /* FireflyUITests.swift */; };
		7DDDFABD54883171C0FD887A /* ConnectSettingsViewModelTests.swift in Sources */ = {isa = PBXBuildFile; fileRef = B5AE4486A9AE4EFDBC5455E6 /* ConnectSettingsViewModelTests.swift */; };
		7E079696E764A0A0F9E02426 /* DiagnosticsViewModel.swift in Sources */ = {isa = PBXBuildFile; fileRef = CFD70AB72F73DA6AB941F6B5 /* DiagnosticsViewModel.swift */; };
		7FA385525E20C469998B9B83 /* HapticSignaling+UIKit.swift in Sources */ = {isa = PBXBuildFile; fileRef = EDC28160EF0A8DD53FB3FFEB /* HapticSignaling+UIKit.swift */; };
		8205769443841156A848715C /* MeshtasticProto in Frameworks */ = {isa = PBXBuildFile; productRef = 1302957B4A2DCE64A8D5EC14 /* MeshtasticProto */; };
		89BC05B316F355E479A3633D /* fest-almanac-index.json in Resources */ = {isa = PBXBuildFile; fileRef = 5F7A5628340F712EE61F598C /* fest-almanac-index.json */; };
		8E6EA5E5E4CEFF2B320671B4 /* NotificationTapRouter.swift in Sources */ = {isa = PBXBuildFile; fileRef = FE6C12AD5DA49E6EDD60B3B7 /* NotificationTapRouter.swift */; };
		9097B73639F1D372A217DB5C /* MoreScreenNavigationTests.swift in Sources */ = {isa = PBXBuildFile; fileRef = C195EF4E6C11A4F328A8A7A2 /* MoreScreenNavigationTests.swift */; };
		90A113F46964F486C0FA20CF /* BackgroundConnectionDiagnosticsTests.swift in Sources */ = {isa = PBXBuildFile; fileRef = 7514ADBDE19E177A62D1A1D5 /* BackgroundConnectionDiagnosticsTests.swift */; };
		924A1E5F5BB64A7CBC361118 /* LineupScreen.swift in Sources */ = {isa = PBXBuildFile; fileRef = 686F2EF2441AE3FF6FC88B41 /* LineupScreen.swift */; };
		93D7165FF1657D7ECF4C11B3 /* BLERestorationHostTests.swift in Sources */ = {isa = PBXBuildFile; fileRef = 3E6D450A1D6FB14E84D8233D /* BLERestorationHostTests.swift */; };
		9CEECC7E8F408FEDB03E85E8 /* RadarColors.swift in Sources */ = {isa = PBXBuildFile; fileRef = 3E99266CE9867C281FAC9513 /* RadarColors.swift */; };
		9D5C223B210A1F4B9644D6AB /* FireflyDebugStartDestinationLaunch.swift in Sources */ = {isa = PBXBuildFile; fileRef = F05346761183CE52D605D57C /* FireflyDebugStartDestinationLaunch.swift */; };
		A17AFA6D2194A215E8B2C3F7 /* RadarView.swift in Sources */ = {isa = PBXBuildFile; fileRef = 378BC076CD59300BFAE0D0AD /* RadarView.swift */; };
		A35426F809A6D6D012537946 /* CrewQRCode.swift in Sources */ = {isa = PBXBuildFile; fileRef = C8FD9AA7E89FE6F3A0483784 /* CrewQRCode.swift */; };
		A799FEADA8E9F7CFA215EDEF /* Assets.xcassets in Resources */ = {isa = PBXBuildFile; fileRef = 688226395F6C22BD0D86BEB5 /* Assets.xcassets */; };
		A8CDC048A56ED86102FC6CA6 /* CrewHeardListViewModel.swift in Sources */ = {isa = PBXBuildFile; fileRef = B67D0C47CDDCC54FEB1EBAD2 /* CrewHeardListViewModel.swift */; };
		A991AE3EE4244242329D9715 /* CrewHeardListView.swift in Sources */ = {isa = PBXBuildFile; fileRef = 062AA56CD484E37A597C4FC9 /* CrewHeardListView.swift */; };
		AB180EFF123472DAAD552A1A /* FireflyDebugNotifyLaunchTests.swift in Sources */ = {isa = PBXBuildFile; fileRef = 094CE9402E24FF71AEB4D94A /* FireflyDebugNotifyLaunchTests.swift */; };
		AC8AFA0CD87BCDBC83DDB4BD /* QRScannerSheet.swift in Sources */ = {isa = PBXBuildFile; fileRef = 3FF340B133498D33D74D3976 /* QRScannerSheet.swift */; };
		AFD1E54EF5873B6717B88291 /* FindPanel.swift in Sources */ = {isa = PBXBuildFile; fileRef = FEAE3E2DCB691E1E510ACF57 /* FindPanel.swift */; };
		B11B507435D69A999AC9DD1E /* ChannelImportViewModel.swift in Sources */ = {isa = PBXBuildFile; fileRef = 36054428E7138397E791F1DD /* ChannelImportViewModel.swift */; };
		B1630FE6D9784EDF138DA66D /* FireflyDebugCrewStateLaunch.swift in Sources */ = {isa = PBXBuildFile; fileRef = 03F95848DB762360605A3176 /* FireflyDebugCrewStateLaunch.swift */; };
		B770F947CF8B1EDB0E8FDBD5 /* FireflyMesh in Frameworks */ = {isa = PBXBuildFile; productRef = B4C3D1CEE6287442EA267E68 /* FireflyMesh */; };
		BD2120937E1168EB260D1750 /* SetDetailSheet.swift in Sources */ = {isa = PBXBuildFile; fileRef = 45B28DBCD5175DF8DA45C5B9 /* SetDetailSheet.swift */; };
		C03641377EDB721D4C81DE9D /* BLEHardwareTests.swift in Sources */ = {isa = PBXBuildFile; fileRef = 9F4D9B842D1796F6CCE66940 /* BLEHardwareTests.swift */; };
		C27E9C110B680BB3354CACEA /* FireflyDebugStartDestinationLaunchTests.swift in Sources */ = {isa = PBXBuildFile; fileRef = B2D8BB1DDD87FDEF33348C1D /* FireflyDebugStartDestinationLaunchTests.swift */; };
		C5FFEAC1D2C0AAD3CFD6094C /* CrewSettingsViewModelRowTests.swift in Sources */ = {isa = PBXBuildFile; fileRef = C69F2315E7F057CD81E80206 /* CrewSettingsViewModelRowTests.swift */; };
		C669919991622119FE5BA2FA /* DiagnosticsScreen.swift in Sources */ = {isa = PBXBuildFile; fileRef = 19687863E32B4CA54C5752D8 /* DiagnosticsScreen.swift */; };
		C9D8C9C04BCA85BF8102ABD2 /* CrewCopyTests.swift in Sources */ = {isa = PBXBuildFile; fileRef = 76CCF10D45320A527D0D8FFD /* CrewCopyTests.swift */; };
		CBF099743872A088B799BC0B /* CrewCopy.swift in Sources */ = {isa = PBXBuildFile; fileRef = F7CF15579506E65D391E2A50 /* CrewCopy.swift */; };
		CFF3E1EBE59116C8A0544EA2 /* LineupGridDemoFestpackTests.swift in Sources */ = {isa = PBXBuildFile; fileRef = 6B88FE658484B40308B28D13 /* LineupGridDemoFestpackTests.swift */; };
		D3A1DB1182D74174005A4541 /* FindSegment.swift in Sources */ = {isa = PBXBuildFile; fileRef = 7E80926151F96810841565F7 /* FindSegment.swift */; };
		D4509A6BF45005057BE62C69 /* PeripheralDiscovery.swift in Sources */ = {isa = PBXBuildFile; fileRef = 899B46141ED5400385D53007 /* PeripheralDiscovery.swift */; };
		D5118B2DB6E068EEF814A41A /* CrewStartView.swift in Sources */ = {isa = PBXBuildFile; fileRef = 43F5FF18C3C2F286FC110777 /* CrewStartView.swift */; };
		D522B932FDB66C4408BDC063 /* FireflyDebugCrewLaunchTests.swift in Sources */ = {isa = PBXBuildFile; fileRef = 12B5A7320C985BF6762AADD9 /* FireflyDebugCrewLaunchTests.swift */; };
		D6F9051146581172F73C2725 /* FindLifecycleWiringGuardTests.swift in Sources */ = {isa = PBXBuildFile; fileRef = CD4FD3C330F61C78D0968513 /* FindLifecycleWiringGuardTests.swift */; };
		D7A2904C961D1D75584D0142 /* AdminWriteConfirmationSheet.swift in Sources */ = {isa = PBXBuildFile; fileRef = 3880392EA1B2900967B5EF4F /* AdminWriteConfirmationSheet.swift */; };
		D7A6BDAFEAE4556C2D49508D /* FireflyCore in Frameworks */ = {isa = PBXBuildFile; productRef = 52CE41AF9EE8F2A1C1595D75 /* FireflyCore */; };
		D9AB8B9B25F71BA5B021287C /* MapColors.swift in Sources */ = {isa = PBXBuildFile; fileRef = 01DE6F44AFB83D4A5399385A /* MapColors.swift */; };
		DA080D82BF09C603E6CCA622 /* lost-lands-2026.festpack.json in Resources */ = {isa = PBXBuildFile; fileRef = A2B2A769F6FE59B2041F556B /* lost-lands-2026.festpack.json */; };
		E3CC4E9340C161539EDE9E85 /* FireflyCore in Frameworks */ = {isa = PBXBuildFile; productRef = 1798EBF71029584D9BCBDE5F /* FireflyCore */; };
		E44CA6E04D280A087AAB74CB /* GPSMapView.swift in Sources */ = {isa = PBXBuildFile; fileRef = 08332227D4D2BE1B28323FD5 /* GPSMapView.swift */; };
		E466917345D124C8F9F6B557 /* FireflyAutoConnectLaunch.swift in Sources */ = {isa = PBXBuildFile; fileRef = 829910F027AC2FD85E4A6B4A /* FireflyAutoConnectLaunch.swift */; };
		E6551196CD37E34092E3B5D8 /* DemoBadge.swift in Sources */ = {isa = PBXBuildFile; fileRef = 657F1057B225B7D58F60D158 /* DemoBadge.swift */; };
		EBE7033561E014B40A656D0B /* InboxListView.swift in Sources */ = {isa = PBXBuildFile; fileRef = 918AE027165FB4634094A385 /* InboxListView.swift */; };
		ECAFEC388F35AB448C46EFD3 /* CrewHeardListViewModel.swift in Sources */ = {isa = PBXBuildFile; fileRef = B67D0C47CDDCC54FEB1EBAD2 /* CrewHeardListViewModel.swift */; };
		ED49F9A90BE23101EA414808 /* FireflyDebugNotifyLaunch.swift in Sources */ = {isa = PBXBuildFile; fileRef = 285775E4DDD7BDBD602191A8 /* FireflyDebugNotifyLaunch.swift */; };
		EE39AFFD0C1416E122228CFC /* firefly-fields.festpack.json in Resources */ = {isa = PBXBuildFile; fileRef = D8D4FFA7D320185B90470459 /* firefly-fields.festpack.json */; };
		EE89762FDADFB461B43E4537 /* LineupGridView.swift in Sources */ = {isa = PBXBuildFile; fileRef = D245C926F1665311864D01C0 /* LineupGridView.swift */; };
		F06690C87C2BC2F7A3802A3C /* InboxAvatarTests.swift in Sources */ = {isa = PBXBuildFile; fileRef = E76A5B24A4204914C9C30817 /* InboxAvatarTests.swift */; };
		F091814D8FA9D4CD85624E71 /* FindScreen.swift in Sources */ = {isa = PBXBuildFile; fileRef = 43575C6453688AE8049183C7 /* FindScreen.swift */; };
		F1E50198C7D072D3853A2F71 /* RootLaunchPlan.swift in Sources */ = {isa = PBXBuildFile; fileRef = F924983B16F5985E124BBBC2 /* RootLaunchPlan.swift */; };
		F6C0D0DF3F349E930AD52E4C /* ChannelImportViewModel.swift in Sources */ = {isa = PBXBuildFile; fileRef = 36054428E7138397E791F1DD /* ChannelImportViewModel.swift */; };
		F743AE393385BA397AC457C9 /* NearbyNodesViewModel.swift in Sources */ = {isa = PBXBuildFile; fileRef = 2301DF37B6AD522F861CEA82 /* NearbyNodesViewModel.swift */; };
		F85E04509A4B7C2775E81711 /* FindSegment.swift in Sources */ = {isa = PBXBuildFile; fileRef = 7E80926151F96810841565F7 /* FindSegment.swift */; };
		FB71020F3A2D6764FDD8FE64 /* FireflyApp.swift in Sources */ = {isa = PBXBuildFile; fileRef = 7C40E6DFE5C85637929993F5 /* FireflyApp.swift */; };
		FD21930D76CBFA7577361C74 /* CrewScreen.swift in Sources */ = {isa = PBXBuildFile; fileRef = 701B9039C20B2BE20F035D30 /* CrewScreen.swift */; };
		FD497E731EE22B6647C64FC1 /* MoreScreen.swift in Sources */ = {isa = PBXBuildFile; fileRef = AF57DA895520BCFCFEAE8099 /* MoreScreen.swift */; };
		FDA4D7E8A140B83CAEBB792F /* SettingsViewModel.swift in Sources */ = {isa = PBXBuildFile; fileRef = 762DC72795E0A06B3D6FDE88 /* SettingsViewModel.swift */; };
		FE42F6687EE5E4A83015168B /* CrewNeedsRadioBanner.swift in Sources */ = {isa = PBXBuildFile; fileRef = 45716BC51026E8BC770C97D0 /* CrewNeedsRadioBanner.swift */; };
/* End PBXBuildFile section */

/* Begin PBXContainerItemProxy section */
		8D9766009667DE33D0AF6FF0 /* PBXContainerItemProxy */ = {
			isa = PBXContainerItemProxy;
			containerPortal = 4026AF10827D497B0169E9AB /* Project object */;
			proxyType = 1;
			remoteGlobalIDString = C71E9AFEE04A0936A7C43A16;
			remoteInfo = Firefly;
		};
		FECB72AC344F42CBCF4D7432 /* PBXContainerItemProxy */ = {
			isa = PBXContainerItemProxy;
			containerPortal = 4026AF10827D497B0169E9AB /* Project object */;
			proxyType = 1;
			remoteGlobalIDString = C71E9AFEE04A0936A7C43A16;
			remoteInfo = Firefly;
		};
/* End PBXContainerItemProxy section */

/* Begin PBXFileReference section */
		01DE6F44AFB83D4A5399385A /* MapColors.swift */ = {isa = PBXFileReference; lastKnownFileType = sourcecode.swift; path = MapColors.swift; sourceTree = "<group>"; };
		02E84854CAB87134C455E8F2 /* NotificationTapRouterTests.swift */ = {isa = PBXFileReference; lastKnownFileType = sourcecode.swift; path = NotificationTapRouterTests.swift; sourceTree = "<group>"; };
		03F95848DB762360605A3176 /* FireflyDebugCrewStateLaunch.swift */ = {isa = PBXFileReference; lastKnownFileType = sourcecode.swift; path = FireflyDebugCrewStateLaunch.swift; sourceTree = "<group>"; };
		05D20D18F962B7E51C03A90B /* FireflyKit */ = {isa = PBXFileReference; lastKnownFileType = folder; name = FireflyKit; path = FireflyKit; sourceTree = SOURCE_ROOT; };
		05F189342B5B984F2BBDAB8A /* BLEReconnectHardwareTests.swift */ = {isa = PBXFileReference; lastKnownFileType = sourcecode.swift; path = BLEReconnectHardwareTests.swift; sourceTree = "<group>"; };
		062AA56CD484E37A597C4FC9 /* CrewHeardListView.swift */ = {isa = PBXFileReference; lastKnownFileType = sourcecode.swift; path = CrewHeardListView.swift; sourceTree = "<group>"; };
		079915169BD92106A7B73B11 /* CrewDiagnosticsViewModel.swift */ = {isa = PBXFileReference; lastKnownFileType = sourcecode.swift; path = CrewDiagnosticsViewModel.swift; sourceTree = "<group>"; };
		08332227D4D2BE1B28323FD5 /* GPSMapView.swift */ = {isa = PBXFileReference; lastKnownFileType = sourcecode.swift; path = GPSMapView.swift; sourceTree = "<group>"; };
		094CE9402E24FF71AEB4D94A /* FireflyDebugNotifyLaunchTests.swift */ = {isa = PBXFileReference; lastKnownFileType = sourcecode.swift; path = FireflyDebugNotifyLaunchTests.swift; sourceTree = "<group>"; };
		0F97FA0CFDE77FDFFA48612D /* MapTabView.swift */ = {isa = PBXFileReference; lastKnownFileType = sourcecode.swift; path = MapTabView.swift; sourceTree = "<group>"; };
		12B5A7320C985BF6762AADD9 /* FireflyDebugCrewLaunchTests.swift */ = {isa = PBXFileReference; lastKnownFileType = sourcecode.swift; path = FireflyDebugCrewLaunchTests.swift; sourceTree = "<group>"; };
		154087BCAC0E87D7868BF253 /* RadarRingView.swift */ = {isa = PBXFileReference; lastKnownFileType = sourcecode.swift; path = RadarRingView.swift; sourceTree = "<group>"; };
		19687863E32B4CA54C5752D8 /* DiagnosticsScreen.swift */ = {isa = PBXFileReference; lastKnownFileType = sourcecode.swift; path = DiagnosticsScreen.swift; sourceTree = "<group>"; };
		1E79B37B293149ED97C8817C /* RegionGateView.swift */ = {isa = PBXFileReference; lastKnownFileType = sourcecode.swift; path = RegionGateView.swift; sourceTree = "<group>"; };
		2301DF37B6AD522F861CEA82 /* NearbyNodesViewModel.swift */ = {isa = PBXFileReference; lastKnownFileType = sourcecode.swift; path = NearbyNodesViewModel.swift; sourceTree = "<group>"; };
		285775E4DDD7BDBD602191A8 /* FireflyDebugNotifyLaunch.swift */ = {isa = PBXFileReference; lastKnownFileType = sourcecode.swift; path = FireflyDebugNotifyLaunch.swift; sourceTree = "<group>"; };
		2A420E1157BEDCF0AC2A6F67 /* FireflyDebugCrewLaunch.swift */ = {isa = PBXFileReference; lastKnownFileType = sourcecode.swift; path = FireflyDebugCrewLaunch.swift; sourceTree = "<group>"; };
		336860AA8C792AB876CF7EB1 /* ConnectScreen.swift */ = {isa = PBXFileReference; lastKnownFileType = sourcecode.swift; path = ConnectScreen.swift; sourceTree = "<group>"; };
		36054428E7138397E791F1DD /* ChannelImportViewModel.swift */ = {isa = PBXFileReference; lastKnownFileType = sourcecode.swift; path = ChannelImportViewModel.swift; sourceTree = "<group>"; };
		378BC076CD59300BFAE0D0AD /* RadarView.swift */ = {isa = PBXFileReference; lastKnownFileType = sourcecode.swift; path = RadarView.swift; sourceTree = "<group>"; };
		3880392EA1B2900967B5EF4F /* AdminWriteConfirmationSheet.swift */ = {isa = PBXFileReference; lastKnownFileType = sourcecode.swift; path = AdminWriteConfirmationSheet.swift; sourceTree = "<group>"; };
		3E6D450A1D6FB14E84D8233D /* BLERestorationHostTests.swift */ = {isa = PBXFileReference; lastKnownFileType = sourcecode.swift; path = BLERestorationHostTests.swift; sourceTree = "<group>"; };
		3E99266CE9867C281FAC9513 /* RadarColors.swift */ = {isa = PBXFileReference; lastKnownFileType = sourcecode.swift; path = RadarColors.swift; sourceTree = "<group>"; };
		3EA34C071EFD0793A619E9A6 /* LineupPicksView.swift */ = {isa = PBXFileReference; lastKnownFileType = sourcecode.swift; path = LineupPicksView.swift; sourceTree = "<group>"; };
		3FF340B133498D33D74D3976 /* QRScannerSheet.swift */ = {isa = PBXFileReference; lastKnownFileType = sourcecode.swift; path = QRScannerSheet.swift; sourceTree = "<group>"; };
		43575C6453688AE8049183C7 /* FindScreen.swift */ = {isa = PBXFileReference; lastKnownFileType = sourcecode.swift; path = FindScreen.swift; sourceTree = "<group>"; };
		43F5FF18C3C2F286FC110777 /* CrewStartView.swift */ = {isa = PBXFileReference; lastKnownFileType = sourcecode.swift; path = CrewStartView.swift; sourceTree = "<group>"; };
		45716BC51026E8BC770C97D0 /* CrewNeedsRadioBanner.swift */ = {isa = PBXFileReference; lastKnownFileType = sourcecode.swift; path = CrewNeedsRadioBanner.swift; sourceTree = "<group>"; };
		45B28DBCD5175DF8DA45C5B9 /* SetDetailSheet.swift */ = {isa = PBXFileReference; lastKnownFileType = sourcecode.swift; path = SetDetailSheet.swift; sourceTree = "<group>"; };
		45BBB6E81333013CC2CE55F2 /* SettingsScreen.swift */ = {isa = PBXFileReference; lastKnownFileType = sourcecode.swift; path = SettingsScreen.swift; sourceTree = "<group>"; };
		4E1D66A6EFF83C09A11DB7FB /* CrewSettingsViewModel.swift */ = {isa = PBXFileReference; lastKnownFileType = sourcecode.swift; path = CrewSettingsViewModel.swift; sourceTree = "<group>"; };
		4F84F0BF7FA9F0A3B2EAC7B8 /* NotificationTapUITests.swift */ = {isa = PBXFileReference; lastKnownFileType = sourcecode.swift; path = NotificationTapUITests.swift; sourceTree = "<group>"; };
		500341CFF93F2572F5EABA8C /* FireflyUITests.swift */ = {isa = PBXFileReference; lastKnownFileType = sourcecode.swift; path = FireflyUITests.swift; sourceTree = "<group>"; };
		507EB6008D08A46C00004B77 /* QRScannerCameraConfigTests.swift */ = {isa = PBXFileReference; lastKnownFileType = sourcecode.swift; path = QRScannerCameraConfigTests.swift; sourceTree = "<group>"; };
		543E6DDB6F011E69EFC86F32 /* Theme+SwiftUI.swift */ = {isa = PBXFileReference; lastKnownFileType = sourcecode.swift; path = "Theme+SwiftUI.swift"; sourceTree = "<group>"; };
		5E88E40B311FEE9B2F1B4382 /* ImportPicksSheet.swift */ = {isa = PBXFileReference; lastKnownFileType = sourcecode.swift; path = ImportPicksSheet.swift; sourceTree = "<group>"; };
		5F7A5628340F712EE61F598C /* fest-almanac-index.json */ = {isa = PBXFileReference; lastKnownFileType = text.json; name = "fest-almanac-index.json"; path = "../../../firmware/assets/field/fest-almanac-index.json"; sourceTree = "<group>"; };
		5FB3DC0128FD7652E2645386 /* MapBackgroundLifecycleGuardTests.swift */ = {isa = PBXFileReference; lastKnownFileType = sourcecode.swift; path = MapBackgroundLifecycleGuardTests.swift; sourceTree = "<group>"; };
		657F1057B225B7D58F60D158 /* DemoBadge.swift */ = {isa = PBXFileReference; lastKnownFileType = sourcecode.swift; path = DemoBadge.swift; sourceTree = "<group>"; };
		668B4901B03CB440509CA401 /* Firefly.app */ = {isa = PBXFileReference; includeInIndex = 0; lastKnownFileType = wrapper.application; path = Firefly.app; sourceTree = BUILT_PRODUCTS_DIR; };
		686F2EF2441AE3FF6FC88B41 /* LineupScreen.swift */ = {isa = PBXFileReference; lastKnownFileType = sourcecode.swift; path = LineupScreen.swift; sourceTree = "<group>"; };
		688226395F6C22BD0D86BEB5 /* Assets.xcassets */ = {isa = PBXFileReference; lastKnownFileType = folder.assetcatalog; path = Assets.xcassets; sourceTree = "<group>"; };
		6B88FE658484B40308B28D13 /* LineupGridDemoFestpackTests.swift */ = {isa = PBXFileReference; lastKnownFileType = sourcecode.swift; path = LineupGridDemoFestpackTests.swift; sourceTree = "<group>"; };
		701B9039C20B2BE20F035D30 /* CrewScreen.swift */ = {isa = PBXFileReference; lastKnownFileType = sourcecode.swift; path = CrewScreen.swift; sourceTree = "<group>"; };
		7514ADBDE19E177A62D1A1D5 /* BackgroundConnectionDiagnosticsTests.swift */ = {isa = PBXFileReference; lastKnownFileType = sourcecode.swift; path = BackgroundConnectionDiagnosticsTests.swift; sourceTree = "<group>"; };
		762DC72795E0A06B3D6FDE88 /* SettingsViewModel.swift */ = {isa = PBXFileReference; lastKnownFileType = sourcecode.swift; path = SettingsViewModel.swift; sourceTree = "<group>"; };
		76CCF10D45320A527D0D8FFD /* CrewCopyTests.swift */ = {isa = PBXFileReference; lastKnownFileType = sourcecode.swift; path = CrewCopyTests.swift; sourceTree = "<group>"; };
		7C40E6DFE5C85637929993F5 /* FireflyApp.swift */ = {isa = PBXFileReference; lastKnownFileType = sourcecode.swift; path = FireflyApp.swift; sourceTree = "<group>"; };
		7CA0680B16ABBA1A558B1690 /* SettingsFestivalPickerWiringTests.swift */ = {isa = PBXFileReference; lastKnownFileType = sourcecode.swift; path = SettingsFestivalPickerWiringTests.swift; sourceTree = "<group>"; };
		7E80926151F96810841565F7 /* FindSegment.swift */ = {isa = PBXFileReference; lastKnownFileType = sourcecode.swift; path = FindSegment.swift; sourceTree = "<group>"; };
		829910F027AC2FD85E4A6B4A /* FireflyAutoConnectLaunch.swift */ = {isa = PBXFileReference; lastKnownFileType = sourcecode.swift; path = FireflyAutoConnectLaunch.swift; sourceTree = "<group>"; };
		899B46141ED5400385D53007 /* PeripheralDiscovery.swift */ = {isa = PBXFileReference; lastKnownFileType = sourcecode.swift; path = PeripheralDiscovery.swift; sourceTree = "<group>"; };
		918AE027165FB4634094A385 /* InboxListView.swift */ = {isa = PBXFileReference; lastKnownFileType = sourcecode.swift; path = InboxListView.swift; sourceTree = "<group>"; };
		9F4D9B842D1796F6CCE66940 /* BLEHardwareTests.swift */ = {isa = PBXFileReference; lastKnownFileType = sourcecode.swift; path = BLEHardwareTests.swift; sourceTree = "<group>"; };
		A1E30FCFD8A9260E48E8617D /* RootView.swift */ = {isa = PBXFileReference; lastKnownFileType = sourcecode.swift; path = RootView.swift; sourceTree = "<group>"; };
		A26D8DE88A6210595D4E680A /* CrewConnectPuckView.swift */ = {isa = PBXFileReference; lastKnownFileType = sourcecode.swift; path = CrewConnectPuckView.swift; sourceTree = "<group>"; };
		A2B2A769F6FE59B2041F556B /* lost-lands-2026.festpack.json */ = {isa = PBXFileReference; lastKnownFileType = text.json; name = "lost-lands-2026.festpack.json"; path = "../../../firmware/assets/field/lost-lands-2026.festpack.json"; sourceTree = "<group>"; };
		A81E08C762B950EC0029609A /* FireflyDebugCrewStateLaunchTests.swift */ = {isa = PBXFileReference; lastKnownFileType = sourcecode.swift; path = FireflyDebugCrewStateLaunchTests.swift; sourceTree = "<group>"; };
		AF57DA895520BCFCFEAE8099 /* MoreScreen.swift */ = {isa = PBXFileReference; lastKnownFileType = sourcecode.swift; path = MoreScreen.swift; sourceTree = "<group>"; };
		AF78D752270B8DEF9E445B92 /* FireflyUITests.xctest */ = {isa = PBXFileReference; includeInIndex = 0; lastKnownFileType = wrapper.cfbundle; path = FireflyUITests.xctest; sourceTree = BUILT_PRODUCTS_DIR; };
		B18716DFC4744DFB2C85DB03 /* CrewController.swift */ = {isa = PBXFileReference; lastKnownFileType = sourcecode.swift; path = CrewController.swift; sourceTree = "<group>"; };
		B2D8BB1DDD87FDEF33348C1D /* FireflyDebugStartDestinationLaunchTests.swift */ = {isa = PBXFileReference; lastKnownFileType = sourcecode.swift; path = FireflyDebugStartDestinationLaunchTests.swift; sourceTree = "<group>"; };
		B41C74CB306C16EC81337A30 /* ThreadView.swift */ = {isa = PBXFileReference; lastKnownFileType = sourcecode.swift; path = ThreadView.swift; sourceTree = "<group>"; };
		B525655E834D0BF0D6DF19CF /* CrewWelcomeView.swift */ = {isa = PBXFileReference; lastKnownFileType = sourcecode.swift; path = CrewWelcomeView.swift; sourceTree = "<group>"; };
		B5AE4486A9AE4EFDBC5455E6 /* ConnectSettingsViewModelTests.swift */ = {isa = PBXFileReference; lastKnownFileType = sourcecode.swift; path = ConnectSettingsViewModelTests.swift; sourceTree = "<group>"; };
		B67D0C47CDDCC54FEB1EBAD2 /* CrewHeardListViewModel.swift */ = {isa = PBXFileReference; lastKnownFileType = sourcecode.swift; path = CrewHeardListViewModel.swift; sourceTree = "<group>"; };
		B726C9DB8EA6DA10A760203D /* FireflyAppTests.xctest */ = {isa = PBXFileReference; explicitFileType = wrapper.cfbundle; includeInIndex = 0; path = FireflyAppTests.xctest; sourceTree = BUILT_PRODUCTS_DIR; };
		C112F9DE33A6ACBB2C90BA69 /* Firefly.xcconfig */ = {isa = PBXFileReference; lastKnownFileType = text.xcconfig; path = Firefly.xcconfig; sourceTree = "<group>"; };
		C195EF4E6C11A4F328A8A7A2 /* MoreScreenNavigationTests.swift */ = {isa = PBXFileReference; lastKnownFileType = sourcecode.swift; path = MoreScreenNavigationTests.swift; sourceTree = "<group>"; };
		C1B310432CF46CE542A152E9 /* FlareTakeoverView.swift */ = {isa = PBXFileReference; lastKnownFileType = sourcecode.swift; path = FlareTakeoverView.swift; sourceTree = "<group>"; };
		C24EB0A20BBB1556FFD71B1E /* RootDeepLinkWiringGuardTests.swift */ = {isa = PBXFileReference; lastKnownFileType = sourcecode.swift; path = RootDeepLinkWiringGuardTests.swift; sourceTree = "<group>"; };
		C69F2315E7F057CD81E80206 /* CrewSettingsViewModelRowTests.swift */ = {isa = PBXFileReference; lastKnownFileType = sourcecode.swift; path = CrewSettingsViewModelRowTests.swift; sourceTree = "<group>"; };
		C8FD9AA7E89FE6F3A0483784 /* CrewQRCode.swift */ = {isa = PBXFileReference; lastKnownFileType = sourcecode.swift; path = CrewQRCode.swift; sourceTree = "<group>"; };
		CD4FD3C330F61C78D0968513 /* FindLifecycleWiringGuardTests.swift */ = {isa = PBXFileReference; lastKnownFileType = sourcecode.swift; path = FindLifecycleWiringGuardTests.swift; sourceTree = "<group>"; };
		CE75CBD37ACA507F0446DCF3 /* RootLaunchPlanTests.swift */ = {isa = PBXFileReference; lastKnownFileType = sourcecode.swift; path = RootLaunchPlanTests.swift; sourceTree = "<group>"; };
		CFD70AB72F73DA6AB941F6B5 /* DiagnosticsViewModel.swift */ = {isa = PBXFileReference; lastKnownFileType = sourcecode.swift; path = DiagnosticsViewModel.swift; sourceTree = "<group>"; };
		D23E949F68CC599D6A320111 /* CrewHeardListViewModelTests.swift */ = {isa = PBXFileReference; lastKnownFileType = sourcecode.swift; path = CrewHeardListViewModelTests.swift; sourceTree = "<group>"; };
		D245C926F1665311864D01C0 /* LineupGridView.swift */ = {isa = PBXFileReference; lastKnownFileType = sourcecode.swift; path = LineupGridView.swift; sourceTree = "<group>"; };
		D6E0B231DEE30CCC9A730B76 /* CrewControllerTests.swift */ = {isa = PBXFileReference; lastKnownFileType = sourcecode.swift; path = CrewControllerTests.swift; sourceTree = "<group>"; };
		D8D4FFA7D320185B90470459 /* firefly-fields.festpack.json */ = {isa = PBXFileReference; lastKnownFileType = text.json; name = "firefly-fields.festpack.json"; path = "../../../firmware/assets/demo/firefly-fields.festpack.json"; sourceTree = "<group>"; };
		E1D11A9DB791BDA805737DD3 /* ChannelApplySummaryTests.swift */ = {isa = PBXFileReference; lastKnownFileType = sourcecode.swift; path = ChannelApplySummaryTests.swift; sourceTree = "<group>"; };
		E455F1EFCD0EFD761A051AEF /* MoreScreenNavigation.swift */ = {isa = PBXFileReference; lastKnownFileType = sourcecode.swift; path = MoreScreenNavigation.swift; sourceTree = "<group>"; };
		E56FC0B8574441CB2FD171FD /* FireflyHardwareTests.xctest */ = {isa = PBXFileReference; explicitFileType = wrapper.cfbundle; includeInIndex = 0; path = FireflyHardwareTests.xctest; sourceTree = BUILT_PRODUCTS_DIR; };
		E6E87E756375F327962BDB91 /* FindLifecycleTests.swift */ = {isa = PBXFileReference; lastKnownFileType = sourcecode.swift; path = FindLifecycleTests.swift; sourceTree = "<group>"; };
		E76A5B24A4204914C9C30817 /* InboxAvatarTests.swift */ = {isa = PBXFileReference; lastKnownFileType = sourcecode.swift; path = InboxAvatarTests.swift; sourceTree = "<group>"; };
		EBF9A931D87D4C1461A7EDF0 /* CrewDiagnosticsViewModelTests.swift */ = {isa = PBXFileReference; lastKnownFileType = sourcecode.swift; path = CrewDiagnosticsViewModelTests.swift; sourceTree = "<group>"; };
		EDC28160EF0A8DD53FB3FFEB /* HapticSignaling+UIKit.swift */ = {isa = PBXFileReference; lastKnownFileType = sourcecode.swift; path = "HapticSignaling+UIKit.swift"; sourceTree = "<group>"; };
		F05346761183CE52D605D57C /* FireflyDebugStartDestinationLaunch.swift */ = {isa = PBXFileReference; lastKnownFileType = sourcecode.swift; path = FireflyDebugStartDestinationLaunch.swift; sourceTree = "<group>"; };
		F1F42EB3578D2B85C360FF91 /* FieldMapView.swift */ = {isa = PBXFileReference; lastKnownFileType = sourcecode.swift; path = FieldMapView.swift; sourceTree = "<group>"; };
		F78EC23800DF35BDE1C1D0E9 /* QRScannerCameraConfig.swift */ = {isa = PBXFileReference; lastKnownFileType = sourcecode.swift; path = QRScannerCameraConfig.swift; sourceTree = "<group>"; };
		F7CF15579506E65D391E2A50 /* CrewCopy.swift */ = {isa = PBXFileReference; lastKnownFileType = sourcecode.swift; path = CrewCopy.swift; sourceTree = "<group>"; };
		F924983B16F5985E124BBBC2 /* RootLaunchPlan.swift */ = {isa = PBXFileReference; lastKnownFileType = sourcecode.swift; path = RootLaunchPlan.swift; sourceTree = "<group>"; };
		FE6C12AD5DA49E6EDD60B3B7 /* NotificationTapRouter.swift */ = {isa = PBXFileReference; lastKnownFileType = sourcecode.swift; path = NotificationTapRouter.swift; sourceTree = "<group>"; };
		FE6F9A5AF9F0435F34FF4D17 /* CrewJoinView.swift */ = {isa = PBXFileReference; lastKnownFileType = sourcecode.swift; path = CrewJoinView.swift; sourceTree = "<group>"; };
		FEAE3E2DCB691E1E510ACF57 /* FindPanel.swift */ = {isa = PBXFileReference; lastKnownFileType = sourcecode.swift; path = FindPanel.swift; sourceTree = "<group>"; };
		FF2B70A0AD5BD84CDC921F8A /* CrewOnboardingContainer.swift */ = {isa = PBXFileReference; lastKnownFileType = sourcecode.swift; path = CrewOnboardingContainer.swift; sourceTree = "<group>"; };
/* End PBXFileReference section */

/* Begin PBXFrameworksBuildPhase section */
		2E4CEB8BDE34099D64E7636C /* Frameworks */ = {
			isa = PBXFrameworksBuildPhase;
			buildActionMask = 2147483647;
			files = (
				E3CC4E9340C161539EDE9E85 /* FireflyCore in Frameworks */,
				8205769443841156A848715C /* MeshtasticProto in Frameworks */,
				B770F947CF8B1EDB0E8FDBD5 /* FireflyMesh in Frameworks */,
				3B69F83116726CF8C396257C /* FireflyModel in Frameworks */,
			);
			runOnlyForDeploymentPostprocessing = 0;
		};
		CA3A2D75976D151ED86A005C /* Frameworks */ = {
			isa = PBXFrameworksBuildPhase;
			buildActionMask = 2147483647;
			files = (
				D7A6BDAFEAE4556C2D49508D /* FireflyCore in Frameworks */,
				7BA796CE1A065E6D5A96DCDB /* MeshtasticProto in Frameworks */,
				04CD563093000516B80C6D62 /* FireflyMesh in Frameworks */,
				71D8EF04CB8A979CD7738201 /* FireflyModel in Frameworks */,
			);
			runOnlyForDeploymentPostprocessing = 0;
		};
/* End PBXFrameworksBuildPhase section */

/* Begin PBXGroup section */
		04298E47A0AEA46AE6AC544E /* Radar */ = {
			isa = PBXGroup;
			children = (
				FEAE3E2DCB691E1E510ACF57 /* FindPanel.swift */,
				C1B310432CF46CE542A152E9 /* FlareTakeoverView.swift */,
				EDC28160EF0A8DD53FB3FFEB /* HapticSignaling+UIKit.swift */,
				3E99266CE9867C281FAC9513 /* RadarColors.swift */,
				154087BCAC0E87D7868BF253 /* RadarRingView.swift */,
				378BC076CD59300BFAE0D0AD /* RadarView.swift */,
			);
			path = Radar;
			sourceTree = "<group>";
		};
		09E7A41B35847DF880B89F6C = {
			isa = PBXGroup;
			children = (
				16B4A8ECBDE17B9CEFEFB25B /* Config */,
				95A1A3DC3288FC10DBD418FD /* Firefly */,
				C4AE56DE0E12B77768ED63B4 /* FireflyHardwareTests */,
				15B2E435A10A6915FED5ADE3 /* FireflyUITests */,
				2F20B465437E7EE376895CE7 /* Packages */,
				1B43B2AE74C8064189181E87 /* Products */,
			);
			sourceTree = "<group>";
		};
		11421C91FBEAF497D1C0A149 /* Connect */ = {
			isa = PBXGroup;
			children = (
				3880392EA1B2900967B5EF4F /* AdminWriteConfirmationSheet.swift */,
				36054428E7138397E791F1DD /* ChannelImportViewModel.swift */,
				336860AA8C792AB876CF7EB1 /* ConnectScreen.swift */,
				829910F027AC2FD85E4A6B4A /* FireflyAutoConnectLaunch.swift */,
				2301DF37B6AD522F861CEA82 /* NearbyNodesViewModel.swift */,
				899B46141ED5400385D53007 /* PeripheralDiscovery.swift */,
				F78EC23800DF35BDE1C1D0E9 /* QRScannerCameraConfig.swift */,
				3FF340B133498D33D74D3976 /* QRScannerSheet.swift */,
			);
			path = Connect;
			sourceTree = "<group>";
		};
		15B2E435A10A6915FED5ADE3 /* FireflyUITests */ = {
			isa = PBXGroup;
			children = (
				500341CFF93F2572F5EABA8C /* FireflyUITests.swift */,
				4F84F0BF7FA9F0A3B2EAC7B8 /* NotificationTapUITests.swift */,
			);
			path = FireflyUITests;
			sourceTree = "<group>";
		};
		16B4A8ECBDE17B9CEFEFB25B /* Config */ = {
			isa = PBXGroup;
			children = (
				C112F9DE33A6ACBB2C90BA69 /* Firefly.xcconfig */,
			);
			path = Config;
			sourceTree = "<group>";
		};
		19FFCBB475E9702A56191A1D /* Find */ = {
			isa = PBXGroup;
			children = (
				43575C6453688AE8049183C7 /* FindScreen.swift */,
				7E80926151F96810841565F7 /* FindSegment.swift */,
			);
			path = Find;
			sourceTree = "<group>";
		};
		1B43B2AE74C8064189181E87 /* Products */ = {
			isa = PBXGroup;
			children = (
				668B4901B03CB440509CA401 /* Firefly.app */,
				B726C9DB8EA6DA10A760203D /* FireflyAppTests.xctest */,
				E56FC0B8574441CB2FD171FD /* FireflyHardwareTests.xctest */,
				AF78D752270B8DEF9E445B92 /* FireflyUITests.xctest */,
			);
			name = Products;
			sourceTree = "<group>";
		};
		2F20B465437E7EE376895CE7 /* Packages */ = {
			isa = PBXGroup;
			children = (
				05D20D18F962B7E51C03A90B /* FireflyKit */,
			);
			name = Packages;
			sourceTree = "<group>";
		};
		30C10335F64F3BEB0DDD3F59 /* Settings */ = {
			isa = PBXGroup;
			children = (
				4E1D66A6EFF83C09A11DB7FB /* CrewSettingsViewModel.swift */,
				19687863E32B4CA54C5752D8 /* DiagnosticsScreen.swift */,
				CFD70AB72F73DA6AB941F6B5 /* DiagnosticsViewModel.swift */,
				45BBB6E81333013CC2CE55F2 /* SettingsScreen.swift */,
				762DC72795E0A06B3D6FDE88 /* SettingsViewModel.swift */,
			);
			path = Settings;
			sourceTree = "<group>";
		};
		5BBE56D5FAE4762AD36380E3 /* Resources */ = {
			isa = PBXGroup;
			children = (
				688226395F6C22BD0D86BEB5 /* Assets.xcassets */,
				9574E2BC49B8298D4A1C3EF1 /* Festpacks */,
			);
			path = Resources;
			sourceTree = "<group>";
		};
		70564F5A3BB71C0F2C5E508E /* Map */ = {
			isa = PBXGroup;
			children = (
				F1F42EB3578D2B85C360FF91 /* FieldMapView.swift */,
				08332227D4D2BE1B28323FD5 /* GPSMapView.swift */,
				01DE6F44AFB83D4A5399385A /* MapColors.swift */,
				0F97FA0CFDE77FDFFA48612D /* MapTabView.swift */,
			);
			path = Map;
			sourceTree = "<group>";
		};
		77EA96ACA43232E2FA97A30A /* Crew */ = {
			isa = PBXGroup;
			children = (
				A26D8DE88A6210595D4E680A /* CrewConnectPuckView.swift */,
				B18716DFC4744DFB2C85DB03 /* CrewController.swift */,
				F7CF15579506E65D391E2A50 /* CrewCopy.swift */,
				079915169BD92106A7B73B11 /* CrewDiagnosticsViewModel.swift */,
				062AA56CD484E37A597C4FC9 /* CrewHeardListView.swift */,
				B67D0C47CDDCC54FEB1EBAD2 /* CrewHeardListViewModel.swift */,
				FE6F9A5AF9F0435F34FF4D17 /* CrewJoinView.swift */,
				45716BC51026E8BC770C97D0 /* CrewNeedsRadioBanner.swift */,
				FF2B70A0AD5BD84CDC921F8A /* CrewOnboardingContainer.swift */,
				C8FD9AA7E89FE6F3A0483784 /* CrewQRCode.swift */,
				701B9039C20B2BE20F035D30 /* CrewScreen.swift */,
				43F5FF18C3C2F286FC110777 /* CrewStartView.swift */,
				B525655E834D0BF0D6DF19CF /* CrewWelcomeView.swift */,
				2A420E1157BEDCF0AC2A6F67 /* FireflyDebugCrewLaunch.swift */,
				03F95848DB762360605A3176 /* FireflyDebugCrewStateLaunch.swift */,
				1E79B37B293149ED97C8817C /* RegionGateView.swift */,
			);
			path = Crew;
			sourceTree = "<group>";
		};
		7D968AF42091B0CBB04FBE40 /* Tests */ = {
			isa = PBXGroup;
			children = (
				7514ADBDE19E177A62D1A1D5 /* BackgroundConnectionDiagnosticsTests.swift */,
				E1D11A9DB791BDA805737DD3 /* ChannelApplySummaryTests.swift */,
				B5AE4486A9AE4EFDBC5455E6 /* ConnectSettingsViewModelTests.swift */,
				D6E0B231DEE30CCC9A730B76 /* CrewControllerTests.swift */,
				76CCF10D45320A527D0D8FFD /* CrewCopyTests.swift */,
				EBF9A931D87D4C1461A7EDF0 /* CrewDiagnosticsViewModelTests.swift */,
				D23E949F68CC599D6A320111 /* CrewHeardListViewModelTests.swift */,
				C69F2315E7F057CD81E80206 /* CrewSettingsViewModelRowTests.swift */,
				E6E87E756375F327962BDB91 /* FindLifecycleTests.swift */,
				CD4FD3C330F61C78D0968513 /* FindLifecycleWiringGuardTests.swift */,
				12B5A7320C985BF6762AADD9 /* FireflyDebugCrewLaunchTests.swift */,
				A81E08C762B950EC0029609A /* FireflyDebugCrewStateLaunchTests.swift */,
				094CE9402E24FF71AEB4D94A /* FireflyDebugNotifyLaunchTests.swift */,
				B2D8BB1DDD87FDEF33348C1D /* FireflyDebugStartDestinationLaunchTests.swift */,
				E76A5B24A4204914C9C30817 /* InboxAvatarTests.swift */,
				6B88FE658484B40308B28D13 /* LineupGridDemoFestpackTests.swift */,
				5FB3DC0128FD7652E2645386 /* MapBackgroundLifecycleGuardTests.swift */,
				C195EF4E6C11A4F328A8A7A2 /* MoreScreenNavigationTests.swift */,
				02E84854CAB87134C455E8F2 /* NotificationTapRouterTests.swift */,
				507EB6008D08A46C00004B77 /* QRScannerCameraConfigTests.swift */,
				C24EB0A20BBB1556FFD71B1E /* RootDeepLinkWiringGuardTests.swift */,
				CE75CBD37ACA507F0446DCF3 /* RootLaunchPlanTests.swift */,
				7CA0680B16ABBA1A558B1690 /* SettingsFestivalPickerWiringTests.swift */,
			);
			path = Tests;
			sourceTree = "<group>";
		};
		7E21803D4BAB256C6C194299 /* Inbox */ = {
			isa = PBXGroup;
			children = (
				918AE027165FB4634094A385 /* InboxListView.swift */,
				B41C74CB306C16EC81337A30 /* ThreadView.swift */,
			);
			path = Inbox;
			sourceTree = "<group>";
		};
		9574E2BC49B8298D4A1C3EF1 /* Festpacks */ = {
			isa = PBXGroup;
			children = (
				5F7A5628340F712EE61F598C /* fest-almanac-index.json */,
				D8D4FFA7D320185B90470459 /* firefly-fields.festpack.json */,
				A2B2A769F6FE59B2041F556B /* lost-lands-2026.festpack.json */,
			);
			name = Festpacks;
			sourceTree = "<group>";
		};
		95A1A3DC3288FC10DBD418FD /* Firefly */ = {
			isa = PBXGroup;
			children = (
				5BBE56D5FAE4762AD36380E3 /* Resources */,
				D89F0E02F6B60E29752F8E37 /* Sources */,
				7D968AF42091B0CBB04FBE40 /* Tests */,
			);
			path = Firefly;
			sourceTree = "<group>";
		};
		C4AE56DE0E12B77768ED63B4 /* FireflyHardwareTests */ = {
			isa = PBXGroup;
			children = (
				9F4D9B842D1796F6CCE66940 /* BLEHardwareTests.swift */,
				05F189342B5B984F2BBDAB8A /* BLEReconnectHardwareTests.swift */,
				3E6D450A1D6FB14E84D8233D /* BLERestorationHostTests.swift */,
			);
			path = FireflyHardwareTests;
			sourceTree = "<group>";
		};
		D89F0E02F6B60E29752F8E37 /* Sources */ = {
			isa = PBXGroup;
			children = (
				657F1057B225B7D58F60D158 /* DemoBadge.swift */,
				7C40E6DFE5C85637929993F5 /* FireflyApp.swift */,
				285775E4DDD7BDBD602191A8 /* FireflyDebugNotifyLaunch.swift */,
				F05346761183CE52D605D57C /* FireflyDebugStartDestinationLaunch.swift */,
				AF57DA895520BCFCFEAE8099 /* MoreScreen.swift */,
				E455F1EFCD0EFD761A051AEF /* MoreScreenNavigation.swift */,
				FE6C12AD5DA49E6EDD60B3B7 /* NotificationTapRouter.swift */,
				F924983B16F5985E124BBBC2 /* RootLaunchPlan.swift */,
				A1E30FCFD8A9260E48E8617D /* RootView.swift */,
				543E6DDB6F011E69EFC86F32 /* Theme+SwiftUI.swift */,
				11421C91FBEAF497D1C0A149 /* Connect */,
				77EA96ACA43232E2FA97A30A /* Crew */,
				19FFCBB475E9702A56191A1D /* Find */,
				7E21803D4BAB256C6C194299 /* Inbox */,
				FF03D4F919007563D571B56D /* Lineup */,
				70564F5A3BB71C0F2C5E508E /* Map */,
				04298E47A0AEA46AE6AC544E /* Radar */,
				30C10335F64F3BEB0DDD3F59 /* Settings */,
			);
			path = Sources;
			sourceTree = "<group>";
		};
		FF03D4F919007563D571B56D /* Lineup */ = {
			isa = PBXGroup;
			children = (
				5E88E40B311FEE9B2F1B4382 /* ImportPicksSheet.swift */,
				D245C926F1665311864D01C0 /* LineupGridView.swift */,
				3EA34C071EFD0793A619E9A6 /* LineupPicksView.swift */,
				686F2EF2441AE3FF6FC88B41 /* LineupScreen.swift */,
				45B28DBCD5175DF8DA45C5B9 /* SetDetailSheet.swift */,
			);
			path = Lineup;
			sourceTree = "<group>";
		};
/* End PBXGroup section */

/* Begin PBXNativeTarget section */
		2E869653C9A7BA8AA66ED9F5 /* FireflyHardwareTests */ = {
			isa = PBXNativeTarget;
			buildConfigurationList = 03793FE78323E56E1F213FDB /* Build configuration list for PBXNativeTarget "FireflyHardwareTests" */;
			buildPhases = (
				C9BF240DDDE3A02135D91C9C /* Sources */,
			);
			buildRules = (
			);
			dependencies = (
				04807B529B9C4DB72EF9B761 /* PBXTargetDependency */,
			);
			name = FireflyHardwareTests;
			packageProductDependencies = (
			);
			productName = FireflyHardwareTests;
			productReference = E56FC0B8574441CB2FD171FD /* FireflyHardwareTests.xctest */;
			productType = "com.apple.product-type.bundle.unit-test";
		};
		61EA809CD815CB1D1128C085 /* FireflyAppTests */ = {
			isa = PBXNativeTarget;
			buildConfigurationList = 4FE583A5C52549761DA68906 /* Build configuration list for PBXNativeTarget "FireflyAppTests" */;
			buildPhases = (
				1D66D99D68B8543D5B706035 /* Sources */,
				2E4CEB8BDE34099D64E7636C /* Frameworks */,
			);
			buildRules = (
			);
			dependencies = (
			);
			name = FireflyAppTests;
			packageProductDependencies = (
				1798EBF71029584D9BCBDE5F /* FireflyCore */,
				1302957B4A2DCE64A8D5EC14 /* MeshtasticProto */,
				B4C3D1CEE6287442EA267E68 /* FireflyMesh */,
				9011CC84111BB0A130A3D3C7 /* FireflyModel */,
			);
			productName = FireflyAppTests;
			productReference = B726C9DB8EA6DA10A760203D /* FireflyAppTests.xctest */;
			productType = "com.apple.product-type.bundle.unit-test";
		};
		6D64813BE2A6F65CCCF908B1 /* FireflyUITests */ = {
			isa = PBXNativeTarget;
			buildConfigurationList = 307BE6014F94D5EB02E446A2 /* Build configuration list for PBXNativeTarget "FireflyUITests" */;
			buildPhases = (
				85BAF3CB0776BA837D9DD6EE /* Sources */,
			);
			buildRules = (
			);
			dependencies = (
				28F25718A920BC34ABB99C28 /* PBXTargetDependency */,
			);
			name = FireflyUITests;
			packageProductDependencies = (
			);
			productName = FireflyUITests;
			productReference = AF78D752270B8DEF9E445B92 /* FireflyUITests.xctest */;
			productType = "com.apple.product-type.bundle.ui-testing";
		};
		C71E9AFEE04A0936A7C43A16 /* Firefly */ = {
			isa = PBXNativeTarget;
			buildConfigurationList = 773591CF2C9657F0283AC4F0 /* Build configuration list for PBXNativeTarget "Firefly" */;
			buildPhases = (
				BBBA8791B6AEDDD2FBC4F69A /* Sources */,
				D78603FD53305253B59CDF55 /* Resources */,
				CA3A2D75976D151ED86A005C /* Frameworks */,
			);
			buildRules = (
			);
			dependencies = (
			);
			name = Firefly;
			packageProductDependencies = (
				52CE41AF9EE8F2A1C1595D75 /* FireflyCore */,
				6C4B001C31CDD7B9E82BE94A /* MeshtasticProto */,
				6D80661B0E11F75CD5DBFD53 /* FireflyMesh */,
				4982066A256926406E7325EB /* FireflyModel */,
			);
			productName = Firefly;
			productReference = 668B4901B03CB440509CA401 /* Firefly.app */;
			productType = "com.apple.product-type.application";
		};
/* End PBXNativeTarget section */

/* Begin PBXProject section */
		4026AF10827D497B0169E9AB /* Project object */ = {
			isa = PBXProject;
			attributes = {
				BuildIndependentTargetsInParallel = YES;
				LastUpgradeCheck = 1430;
				TargetAttributes = {
					2E869653C9A7BA8AA66ED9F5 = {
						ProvisioningStyle = Automatic;
					};
					61EA809CD815CB1D1128C085 = {
						ProvisioningStyle = Automatic;
					};
					6D64813BE2A6F65CCCF908B1 = {
						ProvisioningStyle = Automatic;
						TestTargetID = C71E9AFEE04A0936A7C43A16;
					};
					C71E9AFEE04A0936A7C43A16 = {
						ProvisioningStyle = Automatic;
					};
				};
			};
			buildConfigurationList = 04A33972A78898AF92EDB211 /* Build configuration list for PBXProject "Firefly" */;
			developmentRegion = en;
			hasScannedForEncodings = 0;
			knownRegions = (
				Base,
				en,
			);
			mainGroup = 09E7A41B35847DF880B89F6C;
			minimizedProjectReferenceProxies = 1;
			packageReferences = (
				15FD0D890FACBF26732B1DA6 /* XCLocalSwiftPackageReference "FireflyKit" */,
			);
			preferredProjectObjectVersion = 77;
			productRefGroup = 1B43B2AE74C8064189181E87 /* Products */;
			projectDirPath = "";
			projectRoot = "";
			targets = (
				C71E9AFEE04A0936A7C43A16 /* Firefly */,
				61EA809CD815CB1D1128C085 /* FireflyAppTests */,
				2E869653C9A7BA8AA66ED9F5 /* FireflyHardwareTests */,
				6D64813BE2A6F65CCCF908B1 /* FireflyUITests */,
			);
		};
/* End PBXProject section */

/* Begin PBXResourcesBuildPhase section */
		D78603FD53305253B59CDF55 /* Resources */ = {
			isa = PBXResourcesBuildPhase;
			buildActionMask = 2147483647;
			files = (
				A799FEADA8E9F7CFA215EDEF /* Assets.xcassets in Resources */,
				89BC05B316F355E479A3633D /* fest-almanac-index.json in Resources */,
				EE39AFFD0C1416E122228CFC /* firefly-fields.festpack.json in Resources */,
				DA080D82BF09C603E6CCA622 /* lost-lands-2026.festpack.json in Resources */,
			);
			runOnlyForDeploymentPostprocessing = 0;
		};
/* End PBXResourcesBuildPhase section */

/* Begin PBXSourcesBuildPhase section */
		1D66D99D68B8543D5B706035 /* Sources */ = {
			isa = PBXSourcesBuildPhase;
			buildActionMask = 2147483647;
			files = (
				90A113F46964F486C0FA20CF /* BackgroundConnectionDiagnosticsTests.swift in Sources */,
				3BFCFBA3D9771C3925E1CFBD /* ChannelApplySummaryTests.swift in Sources */,
				F6C0D0DF3F349E930AD52E4C /* ChannelImportViewModel.swift in Sources */,
				7DDDFABD54883171C0FD887A /* ConnectSettingsViewModelTests.swift in Sources */,
				2C9CFE0AAFFCAA222D6479AB /* CrewController.swift in Sources */,
				5118E1D58EDAC35BA512AC27 /* CrewControllerTests.swift in Sources */,
				CBF099743872A088B799BC0B /* CrewCopy.swift in Sources */,
				C9D8C9C04BCA85BF8102ABD2 /* CrewCopyTests.swift in Sources */,
				34354F6FF40B5D886262C2BE /* CrewDiagnosticsViewModel.swift in Sources */,
				47077D76E90C99126BF1B270 /* CrewDiagnosticsViewModelTests.swift in Sources */,
				ECAFEC388F35AB448C46EFD3 /* CrewHeardListViewModel.swift in Sources */,
				5291B0D94E1C2D672D5C56D4 /* CrewHeardListViewModelTests.swift in Sources */,
				159595A99A88EA86CF1B6140 /* CrewSettingsViewModel.swift in Sources */,
				C5FFEAC1D2C0AAD3CFD6094C /* CrewSettingsViewModelRowTests.swift in Sources */,
				6640FC7A5590E35700C97181 /* DiagnosticsViewModel.swift in Sources */,
				4D205FDE4C92CBA13EF9A921 /* FindLifecycleTests.swift in Sources */,
				D6F9051146581172F73C2725 /* FindLifecycleWiringGuardTests.swift in Sources */,
				D3A1DB1182D74174005A4541 /* FindSegment.swift in Sources */,
				2B7DD47DF785EE9231009BF6 /* FireflyDebugCrewLaunch.swift in Sources */,
				D522B932FDB66C4408BDC063 /* FireflyDebugCrewLaunchTests.swift in Sources */,
				5E3096E36BD8443760018393 /* FireflyDebugCrewStateLaunch.swift in Sources */,
				46FE428291B9F94B7C67C772 /* FireflyDebugCrewStateLaunchTests.swift in Sources */,
				ED49F9A90BE23101EA414808 /* FireflyDebugNotifyLaunch.swift in Sources */,
				AB180EFF123472DAAD552A1A /* FireflyDebugNotifyLaunchTests.swift in Sources */,
				0D10D7712B65AE2955677DBC /* FireflyDebugStartDestinationLaunch.swift in Sources */,
				C27E9C110B680BB3354CACEA /* FireflyDebugStartDestinationLaunchTests.swift in Sources */,
				F06690C87C2BC2F7A3802A3C /* InboxAvatarTests.swift in Sources */,
				CFF3E1EBE59116C8A0544EA2 /* LineupGridDemoFestpackTests.swift in Sources */,
				6307FAECAA2C09995B4D63DE /* MapBackgroundLifecycleGuardTests.swift in Sources */,
				2EA722625D8D01FD5039B152 /* MoreScreenNavigation.swift in Sources */,
				9097B73639F1D372A217DB5C /* MoreScreenNavigationTests.swift in Sources */,
				F743AE393385BA397AC457C9 /* NearbyNodesViewModel.swift in Sources */,
				33E79CCF47D6BFCC5B23DF6B /* NotificationTapRouter.swift in Sources */,
				5B1FDA589EBD527CF8A4440F /* NotificationTapRouterTests.swift in Sources */,
				D4509A6BF45005057BE62C69 /* PeripheralDiscovery.swift in Sources */,
				2B66FEB9552D2A87EE52013C /* QRScannerCameraConfig.swift in Sources */,
				6F2F8649A33993ED7DAC45A5 /* QRScannerCameraConfigTests.swift in Sources */,
				3B7D019D97400C01DD83D3A7 /* RootDeepLinkWiringGuardTests.swift in Sources */,
				F1E50198C7D072D3853A2F71 /* RootLaunchPlan.swift in Sources */,
				622B099B334CB9A36B8D20E7 /* RootLaunchPlanTests.swift in Sources */,
				4CD9FFF6222D2B97DC1B8223 /* SettingsFestivalPickerWiringTests.swift in Sources */,
				FDA4D7E8A140B83CAEBB792F /* SettingsViewModel.swift in Sources */,
			);
			runOnlyForDeploymentPostprocessing = 0;
		};
		85BAF3CB0776BA837D9DD6EE /* Sources */ = {
			isa = PBXSourcesBuildPhase;
			buildActionMask = 2147483647;
			files = (
				7D848900827679BC7A2E22C0 /* FireflyUITests.swift in Sources */,
				072A762C4D8AC543D68CC9D3 /* NotificationTapUITests.swift in Sources */,
			);
			runOnlyForDeploymentPostprocessing = 0;
		};
		BBBA8791B6AEDDD2FBC4F69A /* Sources */ = {
			isa = PBXSourcesBuildPhase;
			buildActionMask = 2147483647;
			files = (
				D7A2904C961D1D75584D0142 /* AdminWriteConfirmationSheet.swift in Sources */,
				B11B507435D69A999AC9DD1E /* ChannelImportViewModel.swift in Sources */,
				47E0809C008E900451404953 /* ConnectScreen.swift in Sources */,
				53439BFC6EF57D36751870D4 /* CrewConnectPuckView.swift in Sources */,
				6B26D15F635ACAA379CAF871 /* CrewController.swift in Sources */,
				4B7B50054CF8A862FC6DCC21 /* CrewCopy.swift in Sources */,
				3B10C3E4C23834FFBD6C3234 /* CrewDiagnosticsViewModel.swift in Sources */,
				A991AE3EE4244242329D9715 /* CrewHeardListView.swift in Sources */,
				A8CDC048A56ED86102FC6CA6 /* CrewHeardListViewModel.swift in Sources */,
				2AAC6CD53BBE7426EE632301 /* CrewJoinView.swift in Sources */,
				FE42F6687EE5E4A83015168B /* CrewNeedsRadioBanner.swift in Sources */,
				2CA9CE64FE1C36426E116583 /* CrewOnboardingContainer.swift in Sources */,
				A35426F809A6D6D012537946 /* CrewQRCode.swift in Sources */,
				FD21930D76CBFA7577361C74 /* CrewScreen.swift in Sources */,
				6F6C3DEEBFEC351E8F1EA93B /* CrewSettingsViewModel.swift in Sources */,
				D5118B2DB6E068EEF814A41A /* CrewStartView.swift in Sources */,
				12E5A4D101C468750550181B /* CrewWelcomeView.swift in Sources */,
				E6551196CD37E34092E3B5D8 /* DemoBadge.swift in Sources */,
				C669919991622119FE5BA2FA /* DiagnosticsScreen.swift in Sources */,
				7E079696E764A0A0F9E02426 /* DiagnosticsViewModel.swift in Sources */,
				6174B5CF13B05DAAAB1058D0 /* FieldMapView.swift in Sources */,
				AFD1E54EF5873B6717B88291 /* FindPanel.swift in Sources */,
				F091814D8FA9D4CD85624E71 /* FindScreen.swift in Sources */,
				F85E04509A4B7C2775E81711 /* FindSegment.swift in Sources */,
				FB71020F3A2D6764FDD8FE64 /* FireflyApp.swift in Sources */,
				E466917345D124C8F9F6B557 /* FireflyAutoConnectLaunch.swift in Sources */,
				10DBF8753F52575ADF311027 /* FireflyDebugCrewLaunch.swift in Sources */,
				B1630FE6D9784EDF138DA66D /* FireflyDebugCrewStateLaunch.swift in Sources */,
				6823EB4293F87FDF9992197B /* FireflyDebugNotifyLaunch.swift in Sources */,
				9D5C223B210A1F4B9644D6AB /* FireflyDebugStartDestinationLaunch.swift in Sources */,
				124E5B4431C5B0C9509B4C85 /* FlareTakeoverView.swift in Sources */,
				E44CA6E04D280A087AAB74CB /* GPSMapView.swift in Sources */,
				7FA385525E20C469998B9B83 /* HapticSignaling+UIKit.swift in Sources */,
				0985E28E3385EBA26AD6DE65 /* ImportPicksSheet.swift in Sources */,
				EBE7033561E014B40A656D0B /* InboxListView.swift in Sources */,
				EE89762FDADFB461B43E4537 /* LineupGridView.swift in Sources */,
				17AE531969F0CDE913B44133 /* LineupPicksView.swift in Sources */,
				924A1E5F5BB64A7CBC361118 /* LineupScreen.swift in Sources */,
				D9AB8B9B25F71BA5B021287C /* MapColors.swift in Sources */,
				2EDFEA952BC97A0A68C06034 /* MapTabView.swift in Sources */,
				FD497E731EE22B6647C64FC1 /* MoreScreen.swift in Sources */,
				66EDC012C80D95AA2646A1B1 /* MoreScreenNavigation.swift in Sources */,
				63F4CB9CD8015973BF2A6A87 /* NearbyNodesViewModel.swift in Sources */,
				8E6EA5E5E4CEFF2B320671B4 /* NotificationTapRouter.swift in Sources */,
				736AA63B4C8C5FAD424729FA /* PeripheralDiscovery.swift in Sources */,
				3553A3E7B45ACDD72CDBE8CA /* QRScannerCameraConfig.swift in Sources */,
				AC8AFA0CD87BCDBC83DDB4BD /* QRScannerSheet.swift in Sources */,
				9CEECC7E8F408FEDB03E85E8 /* RadarColors.swift in Sources */,
				79D200DF169D9565E09C7EF4 /* RadarRingView.swift in Sources */,
				A17AFA6D2194A215E8B2C3F7 /* RadarView.swift in Sources */,
				482BD0C9F8FF753CB4DB07EC /* RegionGateView.swift in Sources */,
				4A95C306309C736044861466 /* RootLaunchPlan.swift in Sources */,
				0318ED28B405C25C7661E064 /* RootView.swift in Sources */,
				BD2120937E1168EB260D1750 /* SetDetailSheet.swift in Sources */,
				6EED1D607A836BC23FCF5D43 /* SettingsScreen.swift in Sources */,
				59A003F0821E61E9DE8E99F5 /* SettingsViewModel.swift in Sources */,
				76BA2F3212D5F595105F68D0 /* Theme+SwiftUI.swift in Sources */,
				452890E34DD01B6CD4D436CA /* ThreadView.swift in Sources */,
			);
			runOnlyForDeploymentPostprocessing = 0;
		};
		C9BF240DDDE3A02135D91C9C /* Sources */ = {
			isa = PBXSourcesBuildPhase;
			buildActionMask = 2147483647;
			files = (
				C03641377EDB721D4C81DE9D /* BLEHardwareTests.swift in Sources */,
				6A9AD720CC190DB306F0F9DA /* BLEReconnectHardwareTests.swift in Sources */,
				93D7165FF1657D7ECF4C11B3 /* BLERestorationHostTests.swift in Sources */,
			);
			runOnlyForDeploymentPostprocessing = 0;
		};
/* End PBXSourcesBuildPhase section */

/* Begin PBXTargetDependency section */
		04807B529B9C4DB72EF9B761 /* PBXTargetDependency */ = {
			isa = PBXTargetDependency;
			target = C71E9AFEE04A0936A7C43A16 /* Firefly */;
			targetProxy = 8D9766009667DE33D0AF6FF0 /* PBXContainerItemProxy */;
		};
		28F25718A920BC34ABB99C28 /* PBXTargetDependency */ = {
			isa = PBXTargetDependency;
			target = C71E9AFEE04A0936A7C43A16 /* Firefly */;
			targetProxy = FECB72AC344F42CBCF4D7432 /* PBXContainerItemProxy */;
		};
/* End PBXTargetDependency section */

/* Begin XCBuildConfiguration section */
		063F743E88C06D9BFBCE05B7 /* Debug */ = {
			isa = XCBuildConfiguration;
			buildSettings = {
				ALWAYS_SEARCH_USER_PATHS = NO;
				CLANG_ANALYZER_NONNULL = YES;
				CLANG_ANALYZER_NUMBER_OBJECT_CONVERSION = YES_AGGRESSIVE;
				CLANG_CXX_LANGUAGE_STANDARD = "gnu++14";
				CLANG_CXX_LIBRARY = "libc++";
				CLANG_ENABLE_MODULES = YES;
				CLANG_ENABLE_OBJC_ARC = YES;
				CLANG_ENABLE_OBJC_WEAK = YES;
				CLANG_WARN_BLOCK_CAPTURE_AUTORELEASING = YES;
				CLANG_WARN_BOOL_CONVERSION = YES;
				CLANG_WARN_COMMA = YES;
				CLANG_WARN_CONSTANT_CONVERSION = YES;
				CLANG_WARN_DEPRECATED_OBJC_IMPLEMENTATIONS = YES;
				CLANG_WARN_DIRECT_OBJC_ISA_USAGE = YES_ERROR;
				CLANG_WARN_DOCUMENTATION_COMMENTS = YES;
				CLANG_WARN_EMPTY_BODY = YES;
				CLANG_WARN_ENUM_CONVERSION = YES;
				CLANG_WARN_INFINITE_RECURSION = YES;
				CLANG_WARN_INT_CONVERSION = YES;
				CLANG_WARN_NON_LITERAL_NULL_CONVERSION = YES;
				CLANG_WARN_OBJC_IMPLICIT_RETAIN_SELF = YES;
				CLANG_WARN_OBJC_LITERAL_CONVERSION = YES;
				CLANG_WARN_OBJC_ROOT_CLASS = YES_ERROR;
				CLANG_WARN_QUOTED_INCLUDE_IN_FRAMEWORK_HEADER = YES;
				CLANG_WARN_RANGE_LOOP_ANALYSIS = YES;
				CLANG_WARN_STRICT_PROTOTYPES = YES;
				CLANG_WARN_SUSPICIOUS_MOVE = YES;
				CLANG_WARN_UNGUARDED_AVAILABILITY = YES_AGGRESSIVE;
				CLANG_WARN_UNREACHABLE_CODE = YES;
				CLANG_WARN__DUPLICATE_METHOD_MATCH = YES;
				CODE_SIGN_STYLE = Automatic;
				COPY_PHASE_STRIP = NO;
				DEBUG_INFORMATION_FORMAT = dwarf;
				ENABLE_STRICT_OBJC_MSGSEND = YES;
				ENABLE_TESTABILITY = YES;
				ENABLE_USER_SCRIPT_SANDBOXING = YES;
				GCC_C_LANGUAGE_STANDARD = gnu11;
				GCC_DYNAMIC_NO_PIC = NO;
				GCC_NO_COMMON_BLOCKS = YES;
				GCC_OPTIMIZATION_LEVEL = 0;
				GCC_PREPROCESSOR_DEFINITIONS = (
					"$(inherited)",
					"DEBUG=1",
				);
				GCC_WARN_64_TO_32_BIT_CONVERSION = YES;
				GCC_WARN_ABOUT_RETURN_TYPE = YES_ERROR;
				GCC_WARN_UNDECLARED_SELECTOR = YES;
				GCC_WARN_UNINITIALIZED_AUTOS = YES_AGGRESSIVE;
				GCC_WARN_UNUSED_FUNCTION = YES;
				GCC_WARN_UNUSED_VARIABLE = YES;
				IPHONEOS_DEPLOYMENT_TARGET = 17.0;
				MACOSX_DEPLOYMENT_TARGET = 14.0;
				MARKETING_VERSION = 0.1.0;
				MTL_ENABLE_DEBUG_INFO = INCLUDE_SOURCE;
				MTL_FAST_MATH = YES;
				ONLY_ACTIVE_ARCH = YES;
				PRODUCT_NAME = "$(TARGET_NAME)";
				SWIFT_ACTIVE_COMPILATION_CONDITIONS = DEBUG;
				SWIFT_OPTIMIZATION_LEVEL = "-Onone";
				SWIFT_STRICT_CONCURRENCY = complete;
				SWIFT_VERSION = 6.0;
			};
			name = Debug;
		};
		265AEE353EC5FC14C1E918C7 /* Debug */ = {
			isa = XCBuildConfiguration;
			baseConfigurationReference = C112F9DE33A6ACBB2C90BA69 /* Firefly.xcconfig */;
			buildSettings = {
				BUNDLE_LOADER = "$(TEST_HOST)";
				COMBINE_HIDPI_IMAGES = YES;
				GENERATE_INFOPLIST_FILE = YES;
				LD_RUNPATH_SEARCH_PATHS = (
					"$(inherited)",
					"@executable_path/../Frameworks",
					"@loader_path/../Frameworks",
				);
				PRODUCT_BUNDLE_IDENTIFIER = com.jakeholland.FireflyHardwareTests;
				SDKROOT = macosx;
				TEST_HOST = "$(BUILT_PRODUCTS_DIR)/Firefly.app/Contents/MacOS/Firefly";
			};
			name = Debug;
		};
		5D5B45EDD76F127AA5A8FDE7 /* Release */ = {
			isa = XCBuildConfiguration;
			baseConfigurationReference = C112F9DE33A6ACBB2C90BA69 /* Firefly.xcconfig */;
			buildSettings = {
				BUNDLE_LOADER = "$(TEST_HOST)";
				COMBINE_HIDPI_IMAGES = YES;
				GENERATE_INFOPLIST_FILE = YES;
				LD_RUNPATH_SEARCH_PATHS = (
					"$(inherited)",
					"@executable_path/../Frameworks",
					"@loader_path/../Frameworks",
				);
				PRODUCT_BUNDLE_IDENTIFIER = com.jakeholland.FireflyHardwareTests;
				SDKROOT = macosx;
				TEST_HOST = "$(BUILT_PRODUCTS_DIR)/Firefly.app/Contents/MacOS/Firefly";
			};
			name = Release;
		};
		6B1584BF62758C1DC9EA8C8E /* Release */ = {
			isa = XCBuildConfiguration;
			baseConfigurationReference = C112F9DE33A6ACBB2C90BA69 /* Firefly.xcconfig */;
			buildSettings = {
				BUNDLE_LOADER = "$(TEST_HOST)";
				COMBINE_HIDPI_IMAGES = YES;
				GENERATE_INFOPLIST_FILE = YES;
				LD_RUNPATH_SEARCH_PATHS = (
					"$(inherited)",
					"@executable_path/../Frameworks",
					"@loader_path/../Frameworks",
				);
				PRODUCT_BUNDLE_IDENTIFIER = com.jakeholland.FireflyAppTests;
				SDKROOT = macosx;
			};
			name = Release;
		};
		82CD4B52032DB29AEC875876 /* Release */ = {
			isa = XCBuildConfiguration;
			baseConfigurationReference = C112F9DE33A6ACBB2C90BA69 /* Firefly.xcconfig */;
			buildSettings = {
				BUNDLE_LOADER = "$(TEST_HOST)";
				GENERATE_INFOPLIST_FILE = YES;
				LD_RUNPATH_SEARCH_PATHS = (
					"$(inherited)",
					"@executable_path/Frameworks",
					"@loader_path/Frameworks",
				);
				PRODUCT_BUNDLE_IDENTIFIER = com.jakeholland.FireflyUITests;
				SDKROOT = auto;
				SUPPORTED_PLATFORMS = "iphoneos iphonesimulator macosx";
				SUPPORTS_MACCATALYST = NO;
				SUPPORTS_MAC_DESIGNED_FOR_IPHONE_IPAD = NO;
				SUPPORTS_XR_DESIGNED_FOR_IPHONE_IPAD = YES;
				TARGETED_DEVICE_FAMILY = "1,2";
				TEST_TARGET_NAME = Firefly;
			};
			name = Release;
		};
		8D2CAFF8D0CA1347D13315C6 /* Debug */ = {
			isa = XCBuildConfiguration;
			baseConfigurationReference = C112F9DE33A6ACBB2C90BA69 /* Firefly.xcconfig */;
			buildSettings = {
				BUNDLE_LOADER = "$(TEST_HOST)";
				GENERATE_INFOPLIST_FILE = YES;
				LD_RUNPATH_SEARCH_PATHS = (
					"$(inherited)",
					"@executable_path/Frameworks",
					"@loader_path/Frameworks",
				);
				PRODUCT_BUNDLE_IDENTIFIER = com.jakeholland.FireflyUITests;
				SDKROOT = auto;
				SUPPORTED_PLATFORMS = "iphoneos iphonesimulator macosx";
				SUPPORTS_MACCATALYST = NO;
				SUPPORTS_MAC_DESIGNED_FOR_IPHONE_IPAD = NO;
				SUPPORTS_XR_DESIGNED_FOR_IPHONE_IPAD = YES;
				TARGETED_DEVICE_FAMILY = "1,2";
				TEST_TARGET_NAME = Firefly;
			};
			name = Debug;
		};
		AA189CFD48F0B439F0EDD299 /* Release */ = {
			isa = XCBuildConfiguration;
			baseConfigurationReference = C112F9DE33A6ACBB2C90BA69 /* Firefly.xcconfig */;
			buildSettings = {
				ASSETCATALOG_COMPILER_APPICON_NAME = AppIcon;
				CODE_SIGN_ENTITLEMENTS = Firefly/Resources/Firefly.entitlements;
				CODE_SIGN_IDENTITY = "iPhone Developer";
				ENABLE_PREVIEWS = YES;
				GENERATE_INFOPLIST_FILE = NO;
				INFOPLIST_FILE = Firefly/Resources/Info.plist;
				LD_RUNPATH_SEARCH_PATHS = (
					"$(inherited)",
					"@executable_path/Frameworks",
				);
				PRODUCT_BUNDLE_IDENTIFIER = com.jakeholland.Firefly;
				PRODUCT_NAME = Firefly;
				SDKROOT = auto;
				SUPPORTED_PLATFORMS = "iphoneos iphonesimulator macosx";
				SUPPORTS_MACCATALYST = NO;
				SUPPORTS_MAC_DESIGNED_FOR_IPHONE_IPAD = NO;
				SUPPORTS_XR_DESIGNED_FOR_IPHONE_IPAD = YES;
				TARGETED_DEVICE_FAMILY = 1;
			};
			name = Release;
		};
		BD2F0EA8CA7A0968A0B3FC48 /* Release */ = {
			isa = XCBuildConfiguration;
			buildSettings = {
				ALWAYS_SEARCH_USER_PATHS = NO;
				CLANG_ANALYZER_NONNULL = YES;
				CLANG_ANALYZER_NUMBER_OBJECT_CONVERSION = YES_AGGRESSIVE;
				CLANG_CXX_LANGUAGE_STANDARD = "gnu++14";
				CLANG_CXX_LIBRARY = "libc++";
				CLANG_ENABLE_MODULES = YES;
				CLANG_ENABLE_OBJC_ARC = YES;
				CLANG_ENABLE_OBJC_WEAK = YES;
				CLANG_WARN_BLOCK_CAPTURE_AUTORELEASING = YES;
				CLANG_WARN_BOOL_CONVERSION = YES;
				CLANG_WARN_COMMA = YES;
				CLANG_WARN_CONSTANT_CONVERSION = YES;
				CLANG_WARN_DEPRECATED_OBJC_IMPLEMENTATIONS = YES;
				CLANG_WARN_DIRECT_OBJC_ISA_USAGE = YES_ERROR;
				CLANG_WARN_DOCUMENTATION_COMMENTS = YES;
				CLANG_WARN_EMPTY_BODY = YES;
				CLANG_WARN_ENUM_CONVERSION = YES;
				CLANG_WARN_INFINITE_RECURSION = YES;
				CLANG_WARN_INT_CONVERSION = YES;
				CLANG_WARN_NON_LITERAL_NULL_CONVERSION = YES;
				CLANG_WARN_OBJC_IMPLICIT_RETAIN_SELF = YES;
				CLANG_WARN_OBJC_LITERAL_CONVERSION = YES;
				CLANG_WARN_OBJC_ROOT_CLASS = YES_ERROR;
				CLANG_WARN_QUOTED_INCLUDE_IN_FRAMEWORK_HEADER = YES;
				CLANG_WARN_RANGE_LOOP_ANALYSIS = YES;
				CLANG_WARN_STRICT_PROTOTYPES = YES;
				CLANG_WARN_SUSPICIOUS_MOVE = YES;
				CLANG_WARN_UNGUARDED_AVAILABILITY = YES_AGGRESSIVE;
				CLANG_WARN_UNREACHABLE_CODE = YES;
				CLANG_WARN__DUPLICATE_METHOD_MATCH = YES;
				CODE_SIGN_STYLE = Automatic;
				COPY_PHASE_STRIP = NO;
				DEBUG_INFORMATION_FORMAT = "dwarf-with-dsym";
				ENABLE_NS_ASSERTIONS = NO;
				ENABLE_STRICT_OBJC_MSGSEND = YES;
				ENABLE_USER_SCRIPT_SANDBOXING = YES;
				GCC_C_LANGUAGE_STANDARD = gnu11;
				GCC_NO_COMMON_BLOCKS = YES;
				GCC_WARN_64_TO_32_BIT_CONVERSION = YES;
				GCC_WARN_ABOUT_RETURN_TYPE = YES_ERROR;
				GCC_WARN_UNDECLARED_SELECTOR = YES;
				GCC_WARN_UNINITIALIZED_AUTOS = YES_AGGRESSIVE;
				GCC_WARN_UNUSED_FUNCTION = YES;
				GCC_WARN_UNUSED_VARIABLE = YES;
				IPHONEOS_DEPLOYMENT_TARGET = 17.0;
				MACOSX_DEPLOYMENT_TARGET = 14.0;
				MARKETING_VERSION = 0.1.0;
				MTL_ENABLE_DEBUG_INFO = NO;
				MTL_FAST_MATH = YES;
				PRODUCT_NAME = "$(TARGET_NAME)";
				SWIFT_COMPILATION_MODE = wholemodule;
				SWIFT_OPTIMIZATION_LEVEL = "-O";
				SWIFT_STRICT_CONCURRENCY = complete;
				SWIFT_VERSION = 6.0;
			};
			name = Release;
		};
		D8F8CAAA3478DE9CFCFAD987 /* Debug */ = {
			isa = XCBuildConfiguration;
			baseConfigurationReference = C112F9DE33A6ACBB2C90BA69 /* Firefly.xcconfig */;
			buildSettings = {
				BUNDLE_LOADER = "$(TEST_HOST)";
				COMBINE_HIDPI_IMAGES = YES;
				GENERATE_INFOPLIST_FILE = YES;
				LD_RUNPATH_SEARCH_PATHS = (
					"$(inherited)",
					"@executable_path/../Frameworks",
					"@loader_path/../Frameworks",
				);
				PRODUCT_BUNDLE_IDENTIFIER = com.jakeholland.FireflyAppTests;
				SDKROOT = macosx;
			};
			name = Debug;
		};
		E3CA17979C194D5C3479DC4E /* Debug */ = {
			isa = XCBuildConfiguration;
			baseConfigurationReference = C112F9DE33A6ACBB2C90BA69 /* Firefly.xcconfig */;
			buildSettings = {
				ASSETCATALOG_COMPILER_APPICON_NAME = AppIcon;
				CODE_SIGN_ENTITLEMENTS = Firefly/Resources/Firefly.Debug.entitlements;
				CODE_SIGN_IDENTITY = "iPhone Developer";
				ENABLE_PREVIEWS = YES;
				GENERATE_INFOPLIST_FILE = NO;
				INFOPLIST_FILE = Firefly/Resources/Info.plist;
				LD_RUNPATH_SEARCH_PATHS = (
					"$(inherited)",
					"@executable_path/Frameworks",
				);
				PRODUCT_BUNDLE_IDENTIFIER = com.jakeholland.Firefly;
				PRODUCT_NAME = Firefly;
				SDKROOT = auto;
				SUPPORTED_PLATFORMS = "iphoneos iphonesimulator macosx";
				SUPPORTS_MACCATALYST = NO;
				SUPPORTS_MAC_DESIGNED_FOR_IPHONE_IPAD = NO;
				SUPPORTS_XR_DESIGNED_FOR_IPHONE_IPAD = YES;
				SWIFT_ACTIVE_COMPILATION_CONDITIONS = DEBUG;
				TARGETED_DEVICE_FAMILY = 1;
			};
			name = Debug;
		};
/* End XCBuildConfiguration section */

/* Begin XCConfigurationList section */
		03793FE78323E56E1F213FDB /* Build configuration list for PBXNativeTarget "FireflyHardwareTests" */ = {
			isa = XCConfigurationList;
			buildConfigurations = (
				265AEE353EC5FC14C1E918C7 /* Debug */,
				5D5B45EDD76F127AA5A8FDE7 /* Release */,
			);
			defaultConfigurationIsVisible = 0;
			defaultConfigurationName = Debug;
		};
		04A33972A78898AF92EDB211 /* Build configuration list for PBXProject "Firefly" */ = {
			isa = XCConfigurationList;
			buildConfigurations = (
				063F743E88C06D9BFBCE05B7 /* Debug */,
				BD2F0EA8CA7A0968A0B3FC48 /* Release */,
			);
			defaultConfigurationIsVisible = 0;
			defaultConfigurationName = Debug;
		};
		307BE6014F94D5EB02E446A2 /* Build configuration list for PBXNativeTarget "FireflyUITests" */ = {
			isa = XCConfigurationList;
			buildConfigurations = (
				8D2CAFF8D0CA1347D13315C6 /* Debug */,
				82CD4B52032DB29AEC875876 /* Release */,
			);
			defaultConfigurationIsVisible = 0;
			defaultConfigurationName = Debug;
		};
		4FE583A5C52549761DA68906 /* Build configuration list for PBXNativeTarget "FireflyAppTests" */ = {
			isa = XCConfigurationList;
			buildConfigurations = (
				D8F8CAAA3478DE9CFCFAD987 /* Debug */,
				6B1584BF62758C1DC9EA8C8E /* Release */,
			);
			defaultConfigurationIsVisible = 0;
			defaultConfigurationName = Debug;
		};
		773591CF2C9657F0283AC4F0 /* Build configuration list for PBXNativeTarget "Firefly" */ = {
			isa = XCConfigurationList;
			buildConfigurations = (
				E3CA17979C194D5C3479DC4E /* Debug */,
				AA189CFD48F0B439F0EDD299 /* Release */,
			);
			defaultConfigurationIsVisible = 0;
			defaultConfigurationName = Debug;
		};
/* End XCConfigurationList section */

/* Begin XCLocalSwiftPackageReference section */
		15FD0D890FACBF26732B1DA6 /* XCLocalSwiftPackageReference "FireflyKit" */ = {
			isa = XCLocalSwiftPackageReference;
			relativePath = FireflyKit;
		};
/* End XCLocalSwiftPackageReference section */

/* Begin XCSwiftPackageProductDependency section */
		1302957B4A2DCE64A8D5EC14 /* MeshtasticProto */ = {
			isa = XCSwiftPackageProductDependency;
			productName = MeshtasticProto;
		};
		1798EBF71029584D9BCBDE5F /* FireflyCore */ = {
			isa = XCSwiftPackageProductDependency;
			productName = FireflyCore;
		};
		4982066A256926406E7325EB /* FireflyModel */ = {
			isa = XCSwiftPackageProductDependency;
			productName = FireflyModel;
		};
		52CE41AF9EE8F2A1C1595D75 /* FireflyCore */ = {
			isa = XCSwiftPackageProductDependency;
			productName = FireflyCore;
		};
		6C4B001C31CDD7B9E82BE94A /* MeshtasticProto */ = {
			isa = XCSwiftPackageProductDependency;
			productName = MeshtasticProto;
		};
		6D80661B0E11F75CD5DBFD53 /* FireflyMesh */ = {
			isa = XCSwiftPackageProductDependency;
			productName = FireflyMesh;
		};
		9011CC84111BB0A130A3D3C7 /* FireflyModel */ = {
			isa = XCSwiftPackageProductDependency;
			productName = FireflyModel;
		};
		B4C3D1CEE6287442EA267E68 /* FireflyMesh */ = {
			isa = XCSwiftPackageProductDependency;
			productName = FireflyMesh;
		};
/* End XCSwiftPackageProductDependency section */
	};
	rootObject = 4026AF10827D497B0169E9AB /* Project object */;
}
