// !$*UTF8*$!
{
	archiveVersion = 1;
	classes = {
	};
	objectVersion = 77;
	objects = {

/* Begin PBXBuildFile section */
		0318ED28B405C25C7661E064 /* RootView.swift in Sources */ = {isa = PBXBuildFile; fileRef = A1E30FCFD8A9260E48E8617D /* RootView.swift */; };
		04CD563093000516B80C6D62 /* FireflyMesh in Frameworks */ = {isa = PBXBuildFile; productRef = 6D80661B0E11F75CD5DBFD53 /* FireflyMesh */; };
		124E5B4431C5B0C9509B4C85 /* FlareTakeoverView.swift in Sources */ = {isa = PBXBuildFile; fileRef = C1B310432CF46CE542A152E9 /* FlareTakeoverView.swift */; };
		159595A99A88EA86CF1B6140 /* CrewSettingsViewModel.swift in Sources */ = {isa = PBXBuildFile; fileRef = 4E1D66A6EFF83C09A11DB7FB /* CrewSettingsViewModel.swift */; };
		3B69F83116726CF8C396257C /* FireflyModel in Frameworks */ = {isa = PBXBuildFile; productRef = 9011CC84111BB0A130A3D3C7 /* FireflyModel */; };
		452890E34DD01B6CD4D436CA /* ThreadView.swift in Sources */ = {isa = PBXBuildFile; fileRef = B41C74CB306C16EC81337A30 /* ThreadView.swift */; };
		47E0809C008E900451404953 /* ConnectScreen.swift in Sources */ = {isa = PBXBuildFile; fileRef = 336860AA8C792AB876CF7EB1 /* ConnectScreen.swift */; };
		1A2C3FA7F689E8B3EC758FA1 /* FireflyAutoConnectLaunch.swift in Sources */ = {isa = PBXBuildFile; fileRef = A0A84CBAE95A81B699A26E02 /* FireflyAutoConnectLaunch.swift */; };
		59A003F0821E61E9DE8E99F5 /* SettingsViewModel.swift in Sources */ = {isa = PBXBuildFile; fileRef = 762DC72795E0A06B3D6FDE88 /* SettingsViewModel.swift */; };
		63F4CB9CD8015973BF2A6A87 /* NearbyNodesViewModel.swift in Sources */ = {isa = PBXBuildFile; fileRef = 2301DF37B6AD522F861CEA82 /* NearbyNodesViewModel.swift */; };
		6640FC7A5590E35700C97181 /* DiagnosticsViewModel.swift in Sources */ = {isa = PBXBuildFile; fileRef = CFD70AB72F73DA6AB941F6B5 /* DiagnosticsViewModel.swift */; };
		6EED1D607A836BC23FCF5D43 /* SettingsScreen.swift in Sources */ = {isa = PBXBuildFile; fileRef = 45BBB6E81333013CC2CE55F2 /* SettingsScreen.swift */; };
		6F6C3DEEBFEC351E8F1EA93B /* CrewSettingsViewModel.swift in Sources */ = {isa = PBXBuildFile; fileRef = 4E1D66A6EFF83C09A11DB7FB /* CrewSettingsViewModel.swift */; };
		71D8EF04CB8A979CD7738201 /* FireflyModel in Frameworks */ = {isa = PBXBuildFile; productRef = 4982066A256926406E7325EB /* FireflyModel */; };
		736AA63B4C8C5FAD424729FA /* PeripheralDiscovery.swift in Sources */ = {isa = PBXBuildFile; fileRef = 899B46141ED5400385D53007 /* PeripheralDiscovery.swift */; };
		76BA2F3212D5F595105F68D0 /* Theme+SwiftUI.swift in Sources */ = {isa = PBXBuildFile; fileRef = 543E6DDB6F011E69EFC86F32 /* Theme+SwiftUI.swift */; };
		79D200DF169D9565E09C7EF4 /* RadarRingView.swift in Sources */ = {isa = PBXBuildFile; fileRef = 154087BCAC0E87D7868BF253 /* RadarRingView.swift */; };
		7BA796CE1A065E6D5A96DCDB /* MeshtasticProto in Frameworks */ = {isa = PBXBuildFile; productRef = 6C4B001C31CDD7B9E82BE94A /* MeshtasticProto */; };
		7DDDFABD54883171C0FD887A /* ConnectSettingsViewModelTests.swift in Sources */ = {isa = PBXBuildFile; fileRef = B5AE4486A9AE4EFDBC5455E6 /* ConnectSettingsViewModelTests.swift */; };
		7E079696E764A0A0F9E02426 /* DiagnosticsViewModel.swift in Sources */ = {isa = PBXBuildFile; fileRef = CFD70AB72F73DA6AB941F6B5 /* DiagnosticsViewModel.swift */; };
		7FA385525E20C469998B9B83 /* HapticSignaling+UIKit.swift in Sources */ = {isa = PBXBuildFile; fileRef = EDC28160EF0A8DD53FB3FFEB /* HapticSignaling+UIKit.swift */; };
		8205769443841156A848715C /* MeshtasticProto in Frameworks */ = {isa = PBXBuildFile; productRef = 1302957B4A2DCE64A8D5EC14 /* MeshtasticProto */; };
		9CEECC7E8F408FEDB03E85E8 /* RadarColors.swift in Sources */ = {isa = PBXBuildFile; fileRef = 3E99266CE9867C281FAC9513 /* RadarColors.swift */; };
		A17AFA6D2194A215E8B2C3F7 /* RadarView.swift in Sources */ = {isa = PBXBuildFile; fileRef = 378BC076CD59300BFAE0D0AD /* RadarView.swift */; };
		AC8AFA0CD87BCDBC83DDB4BD /* QRScannerSheet.swift in Sources */ = {isa = PBXBuildFile; fileRef = 3FF340B133498D33D74D3976 /* QRScannerSheet.swift */; };
		AFD1E54EF5873B6717B88291 /* FindPanel.swift in Sources */ = {isa = PBXBuildFile; fileRef = FEAE3E2DCB691E1E510ACF57 /* FindPanel.swift */; };
		B11B507435D69A999AC9DD1E /* ChannelImportViewModel.swift in Sources */ = {isa = PBXBuildFile; fileRef = 36054428E7138397E791F1DD /* ChannelImportViewModel.swift */; };
		B770F947CF8B1EDB0E8FDBD5 /* FireflyMesh in Frameworks */ = {isa = PBXBuildFile; productRef = B4C3D1CEE6287442EA267E68 /* FireflyMesh */; };
		C03641377EDB721D4C81DE9D /* BLEHardwareTests.swift in Sources */ = {isa = PBXBuildFile; fileRef = 9F4D9B842D1796F6CCE66940 /* BLEHardwareTests.swift */; };
		C669919991622119FE5BA2FA /* DiagnosticsScreen.swift in Sources */ = {isa = PBXBuildFile; fileRef = 19687863E32B4CA54C5752D8 /* DiagnosticsScreen.swift */; };
		D4509A6BF45005057BE62C69 /* PeripheralDiscovery.swift in Sources */ = {isa = PBXBuildFile; fileRef = 899B46141ED5400385D53007 /* PeripheralDiscovery.swift */; };
		D7A2904C961D1D75584D0142 /* AdminWriteConfirmationSheet.swift in Sources */ = {isa = PBXBuildFile; fileRef = 3880392EA1B2900967B5EF4F /* AdminWriteConfirmationSheet.swift */; };
		D7A6BDAFEAE4556C2D49508D /* FireflyCore in Frameworks */ = {isa = PBXBuildFile; productRef = 52CE41AF9EE8F2A1C1595D75 /* FireflyCore */; };
		E3CC4E9340C161539EDE9E85 /* FireflyCore in Frameworks */ = {isa = PBXBuildFile; productRef = 1798EBF71029584D9BCBDE5F /* FireflyCore */; };
		E6551196CD37E34092E3B5D8 /* DemoBadge.swift in Sources */ = {isa = PBXBuildFile; fileRef = 657F1057B225B7D58F60D158 /* DemoBadge.swift */; };
		EBE7033561E014B40A656D0B /* InboxListView.swift in Sources */ = {isa = PBXBuildFile; fileRef = 918AE027165FB4634094A385 /* InboxListView.swift */; };
		F06690C87C2BC2F7A3802A3C /* InboxAvatarTests.swift in Sources */ = {isa = PBXBuildFile; fileRef = E76A5B24A4204914C9C30817 /* InboxAvatarTests.swift */; };
		F6C0D0DF3F349E930AD52E4C /* ChannelImportViewModel.swift in Sources */ = {isa = PBXBuildFile; fileRef = 36054428E7138397E791F1DD /* ChannelImportViewModel.swift */; };
		F743AE393385BA397AC457C9 /* NearbyNodesViewModel.swift in Sources */ = {isa = PBXBuildFile; fileRef = 2301DF37B6AD522F861CEA82 /* NearbyNodesViewModel.swift */; };
		FB71020F3A2D6764FDD8FE64 /* FireflyApp.swift in Sources */ = {isa = PBXBuildFile; fileRef = 7C40E6DFE5C85637929993F5 /* FireflyApp.swift */; };
		FDA4D7E8A140B83CAEBB792F /* SettingsViewModel.swift in Sources */ = {isa = PBXBuildFile; fileRef = 762DC72795E0A06B3D6FDE88 /* SettingsViewModel.swift */; };
/* End PBXBuildFile section */

/* Begin PBXContainerItemProxy section */
		8D9766009667DE33D0AF6FF0 /* PBXContainerItemProxy */ = {
			isa = PBXContainerItemProxy;
			containerPortal = 4026AF10827D497B0169E9AB /* Project object */;
			proxyType = 1;
			remoteGlobalIDString = C71E9AFEE04A0936A7C43A16;
			remoteInfo = Firefly;
		};
/* End PBXContainerItemProxy section */

/* Begin PBXFileReference section */
		05D20D18F962B7E51C03A90B /* FireflyKit */ = {isa = PBXFileReference; lastKnownFileType = folder; name = FireflyKit; path = FireflyKit; sourceTree = SOURCE_ROOT; };
		154087BCAC0E87D7868BF253 /* RadarRingView.swift */ = {isa = PBXFileReference; lastKnownFileType = sourcecode.swift; path = RadarRingView.swift; sourceTree = "<group>"; };
		19687863E32B4CA54C5752D8 /* DiagnosticsScreen.swift */ = {isa = PBXFileReference; lastKnownFileType = sourcecode.swift; path = DiagnosticsScreen.swift; sourceTree = "<group>"; };
		2301DF37B6AD522F861CEA82 /* NearbyNodesViewModel.swift */ = {isa = PBXFileReference; lastKnownFileType = sourcecode.swift; path = NearbyNodesViewModel.swift; sourceTree = "<group>"; };
		336860AA8C792AB876CF7EB1 /* ConnectScreen.swift */ = {isa = PBXFileReference; lastKnownFileType = sourcecode.swift; path = ConnectScreen.swift; sourceTree = "<group>"; };
		A0A84CBAE95A81B699A26E02 /* FireflyAutoConnectLaunch.swift */ = {isa = PBXFileReference; lastKnownFileType = sourcecode.swift; path = FireflyAutoConnectLaunch.swift; sourceTree = "<group>"; };
		36054428E7138397E791F1DD /* ChannelImportViewModel.swift */ = {isa = PBXFileReference; lastKnownFileType = sourcecode.swift; path = ChannelImportViewModel.swift; sourceTree = "<group>"; };
		378BC076CD59300BFAE0D0AD /* RadarView.swift */ = {isa = PBXFileReference; lastKnownFileType = sourcecode.swift; path = RadarView.swift; sourceTree = "<group>"; };
		3880392EA1B2900967B5EF4F /* AdminWriteConfirmationSheet.swift */ = {isa = PBXFileReference; lastKnownFileType = sourcecode.swift; path = AdminWriteConfirmationSheet.swift; sourceTree = "<group>"; };
		3E99266CE9867C281FAC9513 /* RadarColors.swift */ = {isa = PBXFileReference; lastKnownFileType = sourcecode.swift; path = RadarColors.swift; sourceTree = "<group>"; };
		3FF340B133498D33D74D3976 /* QRScannerSheet.swift */ = {isa = PBXFileReference; lastKnownFileType = sourcecode.swift; path = QRScannerSheet.swift; sourceTree = "<group>"; };
		45BBB6E81333013CC2CE55F2 /* SettingsScreen.swift */ = {isa = PBXFileReference; lastKnownFileType = sourcecode.swift; path = SettingsScreen.swift; sourceTree = "<group>"; };
		4E1D66A6EFF83C09A11DB7FB /* CrewSettingsViewModel.swift */ = {isa = PBXFileReference; lastKnownFileType = sourcecode.swift; path = CrewSettingsViewModel.swift; sourceTree = "<group>"; };
		543E6DDB6F011E69EFC86F32 /* Theme+SwiftUI.swift */ = {isa = PBXFileReference; lastKnownFileType = sourcecode.swift; path = "Theme+SwiftUI.swift"; sourceTree = "<group>"; };
		657F1057B225B7D58F60D158 /* DemoBadge.swift */ = {isa = PBXFileReference; lastKnownFileType = sourcecode.swift; path = DemoBadge.swift; sourceTree = "<group>"; };
		668B4901B03CB440509CA401 /* Firefly.app */ = {isa = PBXFileReference; includeInIndex = 0; lastKnownFileType = wrapper.application; path = Firefly.app; sourceTree = BUILT_PRODUCTS_DIR; };
		762DC72795E0A06B3D6FDE88 /* SettingsViewModel.swift */ = {isa = PBXFileReference; lastKnownFileType = sourcecode.swift; path = SettingsViewModel.swift; sourceTree = "<group>"; };
		7C40E6DFE5C85637929993F5 /* FireflyApp.swift */ = {isa = PBXFileReference; lastKnownFileType = sourcecode.swift; path = FireflyApp.swift; sourceTree = "<group>"; };
		899B46141ED5400385D53007 /* PeripheralDiscovery.swift */ = {isa = PBXFileReference; lastKnownFileType = sourcecode.swift; path = PeripheralDiscovery.swift; sourceTree = "<group>"; };
		918AE027165FB4634094A385 /* InboxListView.swift */ = {isa = PBXFileReference; lastKnownFileType = sourcecode.swift; path = InboxListView.swift; sourceTree = "<group>"; };
		9F4D9B842D1796F6CCE66940 /* BLEHardwareTests.swift */ = {isa = PBXFileReference; lastKnownFileType = sourcecode.swift; path = BLEHardwareTests.swift; sourceTree = "<group>"; };
		A1E30FCFD8A9260E48E8617D /* RootView.swift */ = {isa = PBXFileReference; lastKnownFileType = sourcecode.swift; path = RootView.swift; sourceTree = "<group>"; };
		B41C74CB306C16EC81337A30 /* ThreadView.swift */ = {isa = PBXFileReference; lastKnownFileType = sourcecode.swift; path = ThreadView.swift; sourceTree = "<group>"; };
		B5AE4486A9AE4EFDBC5455E6 /* ConnectSettingsViewModelTests.swift */ = {isa = PBXFileReference; lastKnownFileType = sourcecode.swift; path = ConnectSettingsViewModelTests.swift; sourceTree = "<group>"; };
		B726C9DB8EA6DA10A760203D /* FireflyAppTests.xctest */ = {isa = PBXFileReference; explicitFileType = wrapper.cfbundle; includeInIndex = 0; path = FireflyAppTests.xctest; sourceTree = BUILT_PRODUCTS_DIR; };
		C112F9DE33A6ACBB2C90BA69 /* Firefly.xcconfig */ = {isa = PBXFileReference; lastKnownFileType = text.xcconfig; path = Firefly.xcconfig; sourceTree = "<group>"; };
		C1B310432CF46CE542A152E9 /* FlareTakeoverView.swift */ = {isa = PBXFileReference; lastKnownFileType = sourcecode.swift; path = FlareTakeoverView.swift; sourceTree = "<group>"; };
		CFD70AB72F73DA6AB941F6B5 /* DiagnosticsViewModel.swift */ = {isa = PBXFileReference; lastKnownFileType = sourcecode.swift; path = DiagnosticsViewModel.swift; sourceTree = "<group>"; };
		E56FC0B8574441CB2FD171FD /* FireflyHardwareTests.xctest */ = {isa = PBXFileReference; explicitFileType = wrapper.cfbundle; includeInIndex = 0; path = FireflyHardwareTests.xctest; sourceTree = BUILT_PRODUCTS_DIR; };
		E76A5B24A4204914C9C30817 /* InboxAvatarTests.swift */ = {isa = PBXFileReference; lastKnownFileType = sourcecode.swift; path = InboxAvatarTests.swift; sourceTree = "<group>"; };
		EDC28160EF0A8DD53FB3FFEB /* HapticSignaling+UIKit.swift */ = {isa = PBXFileReference; lastKnownFileType = sourcecode.swift; path = "HapticSignaling+UIKit.swift"; sourceTree = "<group>"; };
		FEAE3E2DCB691E1E510ACF57 /* FindPanel.swift */ = {isa = PBXFileReference; lastKnownFileType = sourcecode.swift; path = FindPanel.swift; sourceTree = "<group>"; };
/* End PBXFileReference section */

/* Begin PBXFrameworksBuildPhase section */
		2E4CEB8BDE34099D64E7636C /* Frameworks */ = {
			isa = PBXFrameworksBuildPhase;
			buildActionMask = 2147483647;
			files = (
				E3CC4E9340C161539EDE9E85 /* FireflyCore in Frameworks */,
				8205769443841156A848715C /* MeshtasticProto in Frameworks */,
				B770F947CF8B1EDB0E8FDBD5 /* FireflyMesh in Frameworks */,
				3B69F83116726CF8C396257C /* FireflyModel in Frameworks */,
			);
			runOnlyForDeploymentPostprocessing = 0;
		};
		CA3A2D75976D151ED86A005C /* Frameworks */ = {
			isa = PBXFrameworksBuildPhase;
			buildActionMask = 2147483647;
			files = (
				D7A6BDAFEAE4556C2D49508D /* FireflyCore in Frameworks */,
				7BA796CE1A065E6D5A96DCDB /* MeshtasticProto in Frameworks */,
				04CD563093000516B80C6D62 /* FireflyMesh in Frameworks */,
				71D8EF04CB8A979CD7738201 /* FireflyModel in Frameworks */,
			);
			runOnlyForDeploymentPostprocessing = 0;
		};
/* End PBXFrameworksBuildPhase section */

/* Begin PBXGroup section */
		04298E47A0AEA46AE6AC544E /* Radar */ = {
			isa = PBXGroup;
			children = (
				FEAE3E2DCB691E1E510ACF57 /* FindPanel.swift */,
				C1B310432CF46CE542A152E9 /* FlareTakeoverView.swift */,
				EDC28160EF0A8DD53FB3FFEB /* HapticSignaling+UIKit.swift */,
				3E99266CE9867C281FAC9513 /* RadarColors.swift */,
				154087BCAC0E87D7868BF253 /* RadarRingView.swift */,
				378BC076CD59300BFAE0D0AD /* RadarView.swift */,
			);
			path = Radar;
			sourceTree = "<group>";
		};
		09E7A41B35847DF880B89F6C = {
			isa = PBXGroup;
			children = (
				16B4A8ECBDE17B9CEFEFB25B /* Config */,
				95A1A3DC3288FC10DBD418FD /* Firefly */,
				C4AE56DE0E12B77768ED63B4 /* FireflyHardwareTests */,
				2F20B465437E7EE376895CE7 /* Packages */,
				1B43B2AE74C8064189181E87 /* Products */,
			);
			sourceTree = "<group>";
		};
		11421C91FBEAF497D1C0A149 /* Connect */ = {
			isa = PBXGroup;
			children = (
				3880392EA1B2900967B5EF4F /* AdminWriteConfirmationSheet.swift */,
				36054428E7138397E791F1DD /* ChannelImportViewModel.swift */,
				336860AA8C792AB876CF7EB1 /* ConnectScreen.swift */,
				A0A84CBAE95A81B699A26E02 /* FireflyAutoConnectLaunch.swift */,
				2301DF37B6AD522F861CEA82 /* NearbyNodesViewModel.swift */,
				899B46141ED5400385D53007 /* PeripheralDiscovery.swift */,
				3FF340B133498D33D74D3976 /* QRScannerSheet.swift */,
			);
			path = Connect;
			sourceTree = "<group>";
		};
		16B4A8ECBDE17B9CEFEFB25B /* Config */ = {
			isa = PBXGroup;
			children = (
				C112F9DE33A6ACBB2C90BA69 /* Firefly.xcconfig */,
			);
			path = Config;
			sourceTree = "<group>";
		};
		1B43B2AE74C8064189181E87 /* Products */ = {
			isa = PBXGroup;
			children = (
				668B4901B03CB440509CA401 /* Firefly.app */,
				B726C9DB8EA6DA10A760203D /* FireflyAppTests.xctest */,
				E56FC0B8574441CB2FD171FD /* FireflyHardwareTests.xctest */,
			);
			name = Products;
			sourceTree = "<group>";
		};
		2F20B465437E7EE376895CE7 /* Packages */ = {
			isa = PBXGroup;
			children = (
				05D20D18F962B7E51C03A90B /* FireflyKit */,
			);
			name = Packages;
			sourceTree = "<group>";
		};
		30C10335F64F3BEB0DDD3F59 /* Settings */ = {
			isa = PBXGroup;
			children = (
				4E1D66A6EFF83C09A11DB7FB /* CrewSettingsViewModel.swift */,
				19687863E32B4CA54C5752D8 /* DiagnosticsScreen.swift */,
				CFD70AB72F73DA6AB941F6B5 /* DiagnosticsViewModel.swift */,
				45BBB6E81333013CC2CE55F2 /* SettingsScreen.swift */,
				762DC72795E0A06B3D6FDE88 /* SettingsViewModel.swift */,
			);
			path = Settings;
			sourceTree = "<group>";
		};
		7D968AF42091B0CBB04FBE40 /* Tests */ = {
			isa = PBXGroup;
			children = (
				B5AE4486A9AE4EFDBC5455E6 /* ConnectSettingsViewModelTests.swift */,
				E76A5B24A4204914C9C30817 /* InboxAvatarTests.swift */,
			);
			path = Tests;
			sourceTree = "<group>";
		};
		7E21803D4BAB256C6C194299 /* Inbox */ = {
			isa = PBXGroup;
			children = (
				918AE027165FB4634094A385 /* InboxListView.swift */,
				B41C74CB306C16EC81337A30 /* ThreadView.swift */,
			);
			path = Inbox;
			sourceTree = "<group>";
		};
		95A1A3DC3288FC10DBD418FD /* Firefly */ = {
			isa = PBXGroup;
			children = (
				D89F0E02F6B60E29752F8E37 /* Sources */,
				7D968AF42091B0CBB04FBE40 /* Tests */,
			);
			path = Firefly;
			sourceTree = "<group>";
		};
		C4AE56DE0E12B77768ED63B4 /* FireflyHardwareTests */ = {
			isa = PBXGroup;
			children = (
				9F4D9B842D1796F6CCE66940 /* BLEHardwareTests.swift */,
			);
			path = FireflyHardwareTests;
			sourceTree = "<group>";
		};
		D89F0E02F6B60E29752F8E37 /* Sources */ = {
			isa = PBXGroup;
			children = (
				657F1057B225B7D58F60D158 /* DemoBadge.swift */,
				7C40E6DFE5C85637929993F5 /* FireflyApp.swift */,
				A1E30FCFD8A9260E48E8617D /* RootView.swift */,
				543E6DDB6F011E69EFC86F32 /* Theme+SwiftUI.swift */,
				11421C91FBEAF497D1C0A149 /* Connect */,
				7E21803D4BAB256C6C194299 /* Inbox */,
				04298E47A0AEA46AE6AC544E /* Radar */,
				30C10335F64F3BEB0DDD3F59 /* Settings */,
			);
			path = Sources;
			sourceTree = "<group>";
		};
/* End PBXGroup section */

/* Begin PBXNativeTarget section */
		2E869653C9A7BA8AA66ED9F5 /* FireflyHardwareTests */ = {
			isa = PBXNativeTarget;
			buildConfigurationList = 03793FE78323E56E1F213FDB /* Build configuration list for PBXNativeTarget "FireflyHardwareTests" */;
			buildPhases = (
				C9BF240DDDE3A02135D91C9C /* Sources */,
			);
			buildRules = (
			);
			dependencies = (
				04807B529B9C4DB72EF9B761 /* PBXTargetDependency */,
			);
			name = FireflyHardwareTests;
			packageProductDependencies = (
			);
			productName = FireflyHardwareTests;
			productReference = E56FC0B8574441CB2FD171FD /* FireflyHardwareTests.xctest */;
			productType = "com.apple.product-type.bundle.unit-test";
		};
		61EA809CD815CB1D1128C085 /* FireflyAppTests */ = {
			isa = PBXNativeTarget;
			buildConfigurationList = 4FE583A5C52549761DA68906 /* Build configuration list for PBXNativeTarget "FireflyAppTests" */;
			buildPhases = (
				1D66D99D68B8543D5B706035 /* Sources */,
				2E4CEB8BDE34099D64E7636C /* Frameworks */,
			);
			buildRules = (
			);
			dependencies = (
			);
			name = FireflyAppTests;
			packageProductDependencies = (
				1798EBF71029584D9BCBDE5F /* FireflyCore */,
				1302957B4A2DCE64A8D5EC14 /* MeshtasticProto */,
				B4C3D1CEE6287442EA267E68 /* FireflyMesh */,
				9011CC84111BB0A130A3D3C7 /* FireflyModel */,
			);
			productName = FireflyAppTests;
			productReference = B726C9DB8EA6DA10A760203D /* FireflyAppTests.xctest */;
			productType = "com.apple.product-type.bundle.unit-test";
		};
		C71E9AFEE04A0936A7C43A16 /* Firefly */ = {
			isa = PBXNativeTarget;
			buildConfigurationList = 773591CF2C9657F0283AC4F0 /* Build configuration list for PBXNativeTarget "Firefly" */;
			buildPhases = (
				BBBA8791B6AEDDD2FBC4F69A /* Sources */,
				CA3A2D75976D151ED86A005C /* Frameworks */,
			);
			buildRules = (
			);
			dependencies = (
			);
			name = Firefly;
			packageProductDependencies = (
				52CE41AF9EE8F2A1C1595D75 /* FireflyCore */,
				6C4B001C31CDD7B9E82BE94A /* MeshtasticProto */,
				6D80661B0E11F75CD5DBFD53 /* FireflyMesh */,
				4982066A256926406E7325EB /* FireflyModel */,
			);
			productName = Firefly;
			productReference = 668B4901B03CB440509CA401 /* Firefly.app */;
			productType = "com.apple.product-type.application";
		};
/* End PBXNativeTarget section */

/* Begin PBXProject section */
		4026AF10827D497B0169E9AB /* Project object */ = {
			isa = PBXProject;
			attributes = {
				BuildIndependentTargetsInParallel = YES;
				LastUpgradeCheck = 1430;
				TargetAttributes = {
					2E869653C9A7BA8AA66ED9F5 = {
						ProvisioningStyle = Automatic;
					};
					61EA809CD815CB1D1128C085 = {
						ProvisioningStyle = Automatic;
					};
					C71E9AFEE04A0936A7C43A16 = {
						ProvisioningStyle = Automatic;
					};
				};
			};
			buildConfigurationList = 04A33972A78898AF92EDB211 /* Build configuration list for PBXProject "Firefly" */;
			developmentRegion = en;
			hasScannedForEncodings = 0;
			knownRegions = (
				Base,
				en,
			);
			mainGroup = 09E7A41B35847DF880B89F6C;
			minimizedProjectReferenceProxies = 1;
			packageReferences = (
				15FD0D890FACBF26732B1DA6 /* XCLocalSwiftPackageReference "FireflyKit" */,
			);
			preferredProjectObjectVersion = 77;
			productRefGroup = 1B43B2AE74C8064189181E87 /* Products */;
			projectDirPath = "";
			projectRoot = "";
			targets = (
				C71E9AFEE04A0936A7C43A16 /* Firefly */,
				61EA809CD815CB1D1128C085 /* FireflyAppTests */,
				2E869653C9A7BA8AA66ED9F5 /* FireflyHardwareTests */,
			);
		};
/* End PBXProject section */

/* Begin PBXSourcesBuildPhase section */
		1D66D99D68B8543D5B706035 /* Sources */ = {
			isa = PBXSourcesBuildPhase;
			buildActionMask = 2147483647;
			files = (
				F6C0D0DF3F349E930AD52E4C /* ChannelImportViewModel.swift in Sources */,
				7DDDFABD54883171C0FD887A /* ConnectSettingsViewModelTests.swift in Sources */,
				159595A99A88EA86CF1B6140 /* CrewSettingsViewModel.swift in Sources */,
				6640FC7A5590E35700C97181 /* DiagnosticsViewModel.swift in Sources */,
				F06690C87C2BC2F7A3802A3C /* InboxAvatarTests.swift in Sources */,
				F743AE393385BA397AC457C9 /* NearbyNodesViewModel.swift in Sources */,
				D4509A6BF45005057BE62C69 /* PeripheralDiscovery.swift in Sources */,
				FDA4D7E8A140B83CAEBB792F /* SettingsViewModel.swift in Sources */,
			);
			runOnlyForDeploymentPostprocessing = 0;
		};
		BBBA8791B6AEDDD2FBC4F69A /* Sources */ = {
			isa = PBXSourcesBuildPhase;
			buildActionMask = 2147483647;
			files = (
				D7A2904C961D1D75584D0142 /* AdminWriteConfirmationSheet.swift in Sources */,
				B11B507435D69A999AC9DD1E /* ChannelImportViewModel.swift in Sources */,
				47E0809C008E900451404953 /* ConnectScreen.swift in Sources */,
				6F6C3DEEBFEC351E8F1EA93B /* CrewSettingsViewModel.swift in Sources */,
				E6551196CD37E34092E3B5D8 /* DemoBadge.swift in Sources */,
				C669919991622119FE5BA2FA /* DiagnosticsScreen.swift in Sources */,
				7E079696E764A0A0F9E02426 /* DiagnosticsViewModel.swift in Sources */,
				AFD1E54EF5873B6717B88291 /* FindPanel.swift in Sources */,
				FB71020F3A2D6764FDD8FE64 /* FireflyApp.swift in Sources */,
				1A2C3FA7F689E8B3EC758FA1 /* FireflyAutoConnectLaunch.swift in Sources */,
				124E5B4431C5B0C9509B4C85 /* FlareTakeoverView.swift in Sources */,
				7FA385525E20C469998B9B83 /* HapticSignaling+UIKit.swift in Sources */,
				EBE7033561E014B40A656D0B /* InboxListView.swift in Sources */,
				63F4CB9CD8015973BF2A6A87 /* NearbyNodesViewModel.swift in Sources */,
				736AA63B4C8C5FAD424729FA /* PeripheralDiscovery.swift in Sources */,
				AC8AFA0CD87BCDBC83DDB4BD /* QRScannerSheet.swift in Sources */,
				9CEECC7E8F408FEDB03E85E8 /* RadarColors.swift in Sources */,
				79D200DF169D9565E09C7EF4 /* RadarRingView.swift in Sources */,
				A17AFA6D2194A215E8B2C3F7 /* RadarView.swift in Sources */,
				0318ED28B405C25C7661E064 /* RootView.swift in Sources */,
				6EED1D607A836BC23FCF5D43 /* SettingsScreen.swift in Sources */,
				59A003F0821E61E9DE8E99F5 /* SettingsViewModel.swift in Sources */,
				76BA2F3212D5F595105F68D0 /* Theme+SwiftUI.swift in Sources */,
				452890E34DD01B6CD4D436CA /* ThreadView.swift in Sources */,
			);
			runOnlyForDeploymentPostprocessing = 0;
		};
		C9BF240DDDE3A02135D91C9C /* Sources */ = {
			isa = PBXSourcesBuildPhase;
			buildActionMask = 2147483647;
			files = (
				C03641377EDB721D4C81DE9D /* BLEHardwareTests.swift in Sources */,
			);
			runOnlyForDeploymentPostprocessing = 0;
		};
/* End PBXSourcesBuildPhase section */

/* Begin PBXTargetDependency section */
		04807B529B9C4DB72EF9B761 /* PBXTargetDependency */ = {
			isa = PBXTargetDependency;
			target = C71E9AFEE04A0936A7C43A16 /* Firefly */;
			targetProxy = 8D9766009667DE33D0AF6FF0 /* PBXContainerItemProxy */;
		};
/* End PBXTargetDependency section */

/* Begin XCBuildConfiguration section */
		063F743E88C06D9BFBCE05B7 /* Debug */ = {
			isa = XCBuildConfiguration;
			buildSettings = {
				ALWAYS_SEARCH_USER_PATHS = NO;
				CLANG_ANALYZER_NONNULL = YES;
				CLANG_ANALYZER_NUMBER_OBJECT_CONVERSION = YES_AGGRESSIVE;
				CLANG_CXX_LANGUAGE_STANDARD = "gnu++14";
				CLANG_CXX_LIBRARY = "libc++";
				CLANG_ENABLE_MODULES = YES;
				CLANG_ENABLE_OBJC_ARC = YES;
				CLANG_ENABLE_OBJC_WEAK = YES;
				CLANG_WARN_BLOCK_CAPTURE_AUTORELEASING = YES;
				CLANG_WARN_BOOL_CONVERSION = YES;
				CLANG_WARN_COMMA = YES;
				CLANG_WARN_CONSTANT_CONVERSION = YES;
				CLANG_WARN_DEPRECATED_OBJC_IMPLEMENTATIONS = YES;
				CLANG_WARN_DIRECT_OBJC_ISA_USAGE = YES_ERROR;
				CLANG_WARN_DOCUMENTATION_COMMENTS = YES;
				CLANG_WARN_EMPTY_BODY = YES;
				CLANG_WARN_ENUM_CONVERSION = YES;
				CLANG_WARN_INFINITE_RECURSION = YES;
				CLANG_WARN_INT_CONVERSION = YES;
				CLANG_WARN_NON_LITERAL_NULL_CONVERSION = YES;
				CLANG_WARN_OBJC_IMPLICIT_RETAIN_SELF = YES;
				CLANG_WARN_OBJC_LITERAL_CONVERSION = YES;
				CLANG_WARN_OBJC_ROOT_CLASS = YES_ERROR;
				CLANG_WARN_QUOTED_INCLUDE_IN_FRAMEWORK_HEADER = YES;
				CLANG_WARN_RANGE_LOOP_ANALYSIS = YES;
				CLANG_WARN_STRICT_PROTOTYPES = YES;
				CLANG_WARN_SUSPICIOUS_MOVE = YES;
				CLANG_WARN_UNGUARDED_AVAILABILITY = YES_AGGRESSIVE;
				CLANG_WARN_UNREACHABLE_CODE = YES;
				CLANG_WARN__DUPLICATE_METHOD_MATCH = YES;
				CODE_SIGN_STYLE = Automatic;
				COPY_PHASE_STRIP = NO;
				CURRENT_PROJECT_VERSION = 1;
				DEBUG_INFORMATION_FORMAT = dwarf;
				ENABLE_STRICT_OBJC_MSGSEND = YES;
				ENABLE_TESTABILITY = YES;
				ENABLE_USER_SCRIPT_SANDBOXING = YES;
				GCC_C_LANGUAGE_STANDARD = gnu11;
				GCC_DYNAMIC_NO_PIC = NO;
				GCC_NO_COMMON_BLOCKS = YES;
				GCC_OPTIMIZATION_LEVEL = 0;
				GCC_PREPROCESSOR_DEFINITIONS = (
					"$(inherited)",
					"DEBUG=1",
				);
				GCC_WARN_64_TO_32_BIT_CONVERSION = YES;
				GCC_WARN_ABOUT_RETURN_TYPE = YES_ERROR;
				GCC_WARN_UNDECLARED_SELECTOR = YES;
				GCC_WARN_UNINITIALIZED_AUTOS = YES_AGGRESSIVE;
				GCC_WARN_UNUSED_FUNCTION = YES;
				GCC_WARN_UNUSED_VARIABLE = YES;
				IPHONEOS_DEPLOYMENT_TARGET = 17.0;
				MACOSX_DEPLOYMENT_TARGET = 14.0;
				MARKETING_VERSION = 0.1.0;
				MTL_ENABLE_DEBUG_INFO = INCLUDE_SOURCE;
				MTL_FAST_MATH = YES;
				ONLY_ACTIVE_ARCH = YES;
				PRODUCT_NAME = "$(TARGET_NAME)";
				SWIFT_ACTIVE_COMPILATION_CONDITIONS = DEBUG;
				SWIFT_OPTIMIZATION_LEVEL = "-Onone";
				SWIFT_STRICT_CONCURRENCY = minimal;
				SWIFT_VERSION = 5.9;
			};
			name = Debug;
		};
		265AEE353EC5FC14C1E918C7 /* Debug */ = {
			isa = XCBuildConfiguration;
			baseConfigurationReference = C112F9DE33A6ACBB2C90BA69 /* Firefly.xcconfig */;
			buildSettings = {
				BUNDLE_LOADER = "$(TEST_HOST)";
				COMBINE_HIDPI_IMAGES = YES;
				GENERATE_INFOPLIST_FILE = YES;
				LD_RUNPATH_SEARCH_PATHS = (
					"$(inherited)",
					"@executable_path/../Frameworks",
					"@loader_path/../Frameworks",
				);
				PRODUCT_BUNDLE_IDENTIFIER = com.jakeholland.FireflyHardwareTests;
				SDKROOT = macosx;
				TEST_HOST = "$(BUILT_PRODUCTS_DIR)/Firefly.app/Contents/MacOS/Firefly";
			};
			name = Debug;
		};
		5D5B45EDD76F127AA5A8FDE7 /* Release */ = {
			isa = XCBuildConfiguration;
			baseConfigurationReference = C112F9DE33A6ACBB2C90BA69 /* Firefly.xcconfig */;
			buildSettings = {
				BUNDLE_LOADER = "$(TEST_HOST)";
				COMBINE_HIDPI_IMAGES = YES;
				GENERATE_INFOPLIST_FILE = YES;
				LD_RUNPATH_SEARCH_PATHS = (
					"$(inherited)",
					"@executable_path/../Frameworks",
					"@loader_path/../Frameworks",
				);
				PRODUCT_BUNDLE_IDENTIFIER = com.jakeholland.FireflyHardwareTests;
				SDKROOT = macosx;
				TEST_HOST = "$(BUILT_PRODUCTS_DIR)/Firefly.app/Contents/MacOS/Firefly";
			};
			name = Release;
		};
		6B1584BF62758C1DC9EA8C8E /* Release */ = {
			isa = XCBuildConfiguration;
			baseConfigurationReference = C112F9DE33A6ACBB2C90BA69 /* Firefly.xcconfig */;
			buildSettings = {
				BUNDLE_LOADER = "$(TEST_HOST)";
				COMBINE_HIDPI_IMAGES = YES;
				GENERATE_INFOPLIST_FILE = YES;
				LD_RUNPATH_SEARCH_PATHS = (
					"$(inherited)",
					"@executable_path/../Frameworks",
					"@loader_path/../Frameworks",
				);
				PRODUCT_BUNDLE_IDENTIFIER = com.jakeholland.FireflyAppTests;
				SDKROOT = macosx;
			};
			name = Release;
		};
		AA189CFD48F0B439F0EDD299 /* Release */ = {
			isa = XCBuildConfiguration;
			baseConfigurationReference = C112F9DE33A6ACBB2C90BA69 /* Firefly.xcconfig */;
			buildSettings = {
				ASSETCATALOG_COMPILER_APPICON_NAME = AppIcon;
				CODE_SIGN_ENTITLEMENTS = Firefly/Resources/Firefly.entitlements;
				CODE_SIGN_IDENTITY = "iPhone Developer";
				ENABLE_PREVIEWS = YES;
				GENERATE_INFOPLIST_FILE = NO;
				INFOPLIST_FILE = Firefly/Resources/Info.plist;
				LD_RUNPATH_SEARCH_PATHS = (
					"$(inherited)",
					"@executable_path/Frameworks",
				);
				PRODUCT_BUNDLE_IDENTIFIER = com.jakeholland.firefly;
				PRODUCT_NAME = Firefly;
				SDKROOT = auto;
				SUPPORTED_PLATFORMS = "iphoneos iphonesimulator macosx";
				SUPPORTS_MACCATALYST = NO;
				SUPPORTS_MAC_DESIGNED_FOR_IPHONE_IPAD = NO;
				SUPPORTS_XR_DESIGNED_FOR_IPHONE_IPAD = YES;
				TARGETED_DEVICE_FAMILY = "1,2";
			};
			name = Release;
		};
		BD2F0EA8CA7A0968A0B3FC48 /* Release */ = {
			isa = XCBuildConfiguration;
			buildSettings = {
				ALWAYS_SEARCH_USER_PATHS = NO;
				CLANG_ANALYZER_NONNULL = YES;
				CLANG_ANALYZER_NUMBER_OBJECT_CONVERSION = YES_AGGRESSIVE;
				CLANG_CXX_LANGUAGE_STANDARD = "gnu++14";
				CLANG_CXX_LIBRARY = "libc++";
				CLANG_ENABLE_MODULES = YES;
				CLANG_ENABLE_OBJC_ARC = YES;
				CLANG_ENABLE_OBJC_WEAK = YES;
				CLANG_WARN_BLOCK_CAPTURE_AUTORELEASING = YES;
				CLANG_WARN_BOOL_CONVERSION = YES;
				CLANG_WARN_COMMA = YES;
				CLANG_WARN_CONSTANT_CONVERSION = YES;
				CLANG_WARN_DEPRECATED_OBJC_IMPLEMENTATIONS = YES;
				CLANG_WARN_DIRECT_OBJC_ISA_USAGE = YES_ERROR;
				CLANG_WARN_DOCUMENTATION_COMMENTS = YES;
				CLANG_WARN_EMPTY_BODY = YES;
				CLANG_WARN_ENUM_CONVERSION = YES;
				CLANG_WARN_INFINITE_RECURSION = YES;
				CLANG_WARN_INT_CONVERSION = YES;
				CLANG_WARN_NON_LITERAL_NULL_CONVERSION = YES;
				CLANG_WARN_OBJC_IMPLICIT_RETAIN_SELF = YES;
				CLANG_WARN_OBJC_LITERAL_CONVERSION = YES;
				CLANG_WARN_OBJC_ROOT_CLASS = YES_ERROR;
				CLANG_WARN_QUOTED_INCLUDE_IN_FRAMEWORK_HEADER = YES;
				CLANG_WARN_RANGE_LOOP_ANALYSIS = YES;
				CLANG_WARN_STRICT_PROTOTYPES = YES;
				CLANG_WARN_SUSPICIOUS_MOVE = YES;
				CLANG_WARN_UNGUARDED_AVAILABILITY = YES_AGGRESSIVE;
				CLANG_WARN_UNREACHABLE_CODE = YES;
				CLANG_WARN__DUPLICATE_METHOD_MATCH = YES;
				CODE_SIGN_STYLE = Automatic;
				COPY_PHASE_STRIP = NO;
				CURRENT_PROJECT_VERSION = 1;
				DEBUG_INFORMATION_FORMAT = "dwarf-with-dsym";
				ENABLE_NS_ASSERTIONS = NO;
				ENABLE_STRICT_OBJC_MSGSEND = YES;
				ENABLE_USER_SCRIPT_SANDBOXING = YES;
				GCC_C_LANGUAGE_STANDARD = gnu11;
				GCC_NO_COMMON_BLOCKS = YES;
				GCC_WARN_64_TO_32_BIT_CONVERSION = YES;
				GCC_WARN_ABOUT_RETURN_TYPE = YES_ERROR;
				GCC_WARN_UNDECLARED_SELECTOR = YES;
				GCC_WARN_UNINITIALIZED_AUTOS = YES_AGGRESSIVE;
				GCC_WARN_UNUSED_FUNCTION = YES;
				GCC_WARN_UNUSED_VARIABLE = YES;
				IPHONEOS_DEPLOYMENT_TARGET = 17.0;
				MACOSX_DEPLOYMENT_TARGET = 14.0;
				MARKETING_VERSION = 0.1.0;
				MTL_ENABLE_DEBUG_INFO = NO;
				MTL_FAST_MATH = YES;
				PRODUCT_NAME = "$(TARGET_NAME)";
				SWIFT_COMPILATION_MODE = wholemodule;
				SWIFT_OPTIMIZATION_LEVEL = "-O";
				SWIFT_STRICT_CONCURRENCY = minimal;
				SWIFT_VERSION = 5.9;
			};
			name = Release;
		};
		D8F8CAAA3478DE9CFCFAD987 /* Debug */ = {
			isa = XCBuildConfiguration;
			baseConfigurationReference = C112F9DE33A6ACBB2C90BA69 /* Firefly.xcconfig */;
			buildSettings = {
				BUNDLE_LOADER = "$(TEST_HOST)";
				COMBINE_HIDPI_IMAGES = YES;
				GENERATE_INFOPLIST_FILE = YES;
				LD_RUNPATH_SEARCH_PATHS = (
					"$(inherited)",
					"@executable_path/../Frameworks",
					"@loader_path/../Frameworks",
				);
				PRODUCT_BUNDLE_IDENTIFIER = com.jakeholland.FireflyAppTests;
				SDKROOT = macosx;
			};
			name = Debug;
		};
		E3CA17979C194D5C3479DC4E /* Debug */ = {
			isa = XCBuildConfiguration;
			baseConfigurationReference = C112F9DE33A6ACBB2C90BA69 /* Firefly.xcconfig */;
			buildSettings = {
				ASSETCATALOG_COMPILER_APPICON_NAME = AppIcon;
				CODE_SIGN_ENTITLEMENTS = Firefly/Resources/Firefly.Debug.entitlements;
				CODE_SIGN_IDENTITY = "iPhone Developer";
				ENABLE_PREVIEWS = YES;
				GENERATE_INFOPLIST_FILE = NO;
				INFOPLIST_FILE = Firefly/Resources/Info.plist;
				LD_RUNPATH_SEARCH_PATHS = (
					"$(inherited)",
					"@executable_path/Frameworks",
				);
				PRODUCT_BUNDLE_IDENTIFIER = com.jakeholland.firefly;
				PRODUCT_NAME = Firefly;
				SDKROOT = auto;
				SUPPORTED_PLATFORMS = "iphoneos iphonesimulator macosx";
				SUPPORTS_MACCATALYST = NO;
				SUPPORTS_MAC_DESIGNED_FOR_IPHONE_IPAD = NO;
				SUPPORTS_XR_DESIGNED_FOR_IPHONE_IPAD = YES;
				SWIFT_ACTIVE_COMPILATION_CONDITIONS = DEBUG;
				TARGETED_DEVICE_FAMILY = "1,2";
			};
			name = Debug;
		};
/* End XCBuildConfiguration section */

/* Begin XCConfigurationList section */
		03793FE78323E56E1F213FDB /* Build configuration list for PBXNativeTarget "FireflyHardwareTests" */ = {
			isa = XCConfigurationList;
			buildConfigurations = (
				265AEE353EC5FC14C1E918C7 /* Debug */,
				5D5B45EDD76F127AA5A8FDE7 /* Release */,
			);
			defaultConfigurationIsVisible = 0;
			defaultConfigurationName = Debug;
		};
		04A33972A78898AF92EDB211 /* Build configuration list for PBXProject "Firefly" */ = {
			isa = XCConfigurationList;
			buildConfigurations = (
				063F743E88C06D9BFBCE05B7 /* Debug */,
				BD2F0EA8CA7A0968A0B3FC48 /* Release */,
			);
			defaultConfigurationIsVisible = 0;
			defaultConfigurationName = Debug;
		};
		4FE583A5C52549761DA68906 /* Build configuration list for PBXNativeTarget "FireflyAppTests" */ = {
			isa = XCConfigurationList;
			buildConfigurations = (
				D8F8CAAA3478DE9CFCFAD987 /* Debug */,
				6B1584BF62758C1DC9EA8C8E /* Release */,
			);
			defaultConfigurationIsVisible = 0;
			defaultConfigurationName = Debug;
		};
		773591CF2C9657F0283AC4F0 /* Build configuration list for PBXNativeTarget "Firefly" */ = {
			isa = XCConfigurationList;
			buildConfigurations = (
				E3CA17979C194D5C3479DC4E /* Debug */,
				AA189CFD48F0B439F0EDD299 /* Release */,
			);
			defaultConfigurationIsVisible = 0;
			defaultConfigurationName = Debug;
		};
/* End XCConfigurationList section */

/* Begin XCLocalSwiftPackageReference section */
		15FD0D890FACBF26732B1DA6 /* XCLocalSwiftPackageReference "FireflyKit" */ = {
			isa = XCLocalSwiftPackageReference;
			relativePath = FireflyKit;
		};
/* End XCLocalSwiftPackageReference section */

/* Begin XCSwiftPackageProductDependency section */
		1302957B4A2DCE64A8D5EC14 /* MeshtasticProto */ = {
			isa = XCSwiftPackageProductDependency;
			productName = MeshtasticProto;
		};
		1798EBF71029584D9BCBDE5F /* FireflyCore */ = {
			isa = XCSwiftPackageProductDependency;
			productName = FireflyCore;
		};
		4982066A256926406E7325EB /* FireflyModel */ = {
			isa = XCSwiftPackageProductDependency;
			productName = FireflyModel;
		};
		52CE41AF9EE8F2A1C1595D75 /* FireflyCore */ = {
			isa = XCSwiftPackageProductDependency;
			productName = FireflyCore;
		};
		6C4B001C31CDD7B9E82BE94A /* MeshtasticProto */ = {
			isa = XCSwiftPackageProductDependency;
			productName = MeshtasticProto;
		};
		6D80661B0E11F75CD5DBFD53 /* FireflyMesh */ = {
			isa = XCSwiftPackageProductDependency;
			productName = FireflyMesh;
		};
		9011CC84111BB0A130A3D3C7 /* FireflyModel */ = {
			isa = XCSwiftPackageProductDependency;
			productName = FireflyModel;
		};
		B4C3D1CEE6287442EA267E68 /* FireflyMesh */ = {
			isa = XCSwiftPackageProductDependency;
			productName = FireflyMesh;
		};
/* End XCSwiftPackageProductDependency section */
	};
	rootObject = 4026AF10827D497B0169E9AB /* Project object */;
}
